// !$*UTF8*$!
{
	archiveVersion = 1;
	classes = {
	};
	objectVersion = 46;
	objects = {

/* Begin PBXBuildFile section */
		F95815001964850B002207A3 /* Foundation.framework in Frameworks */ = {isa = PBXBuildFile; fileRef = F95814FF1964850B002207A3 /* Foundation.framework */; };
		F95815021964850B002207A3 /* CoreGraphics.framework in Frameworks */ = {isa = PBXBuildFile; fileRef = F95815011964850B002207A3 /* CoreGraphics.framework */; };
		F95815041964850B002207A3 /* UIKit.framework in Frameworks */ = {isa = PBXBuildFile; fileRef = F95815031964850B002207A3 /* UIKit.framework */; };
		F958150A1964850B002207A3 /* InfoPlist.strings in Resources */ = {isa = PBXBuildFile; fileRef = F95815081964850B002207A3 /* InfoPlist.strings */; };
		F958150C1964850B002207A3 /* main.m in Sources */ = {isa = PBXBuildFile; fileRef = F958150B1964850B002207A3 /* main.m */; };
		F95815101964850B002207A3 /* DTSAppDelegate.m in Sources */ = {isa = PBXBuildFile; fileRef = F958150F1964850B002207A3 /* DTSAppDelegate.m */; };
		F95815131964850B002207A3 /* Main_iPhone.storyboard in Resources */ = {isa = PBXBuildFile; fileRef = F95815111964850B002207A3 /* Main_iPhone.storyboard */; };
		F95815161964850B002207A3 /* Main_iPad.storyboard in Resources */ = {isa = PBXBuildFile; fileRef = F95815141964850B002207A3 /* Main_iPad.storyboard */; };
		F95815191964850B002207A3 /* DTSViewController.m in Sources */ = {isa = PBXBuildFile; fileRef = F95815181964850B002207A3 /* DTSViewController.m */; };
		F958151B1964850B002207A3 /* Images.xcassets in Resources */ = {isa = PBXBuildFile; fileRef = F958151A1964850B002207A3 /* Images.xcassets */; };
		F95815221964850B002207A3 /* XCTest.framework in Frameworks */ = {isa = PBXBuildFile; fileRef = F95815211964850B002207A3 /* XCTest.framework */; };
		F95815231964850B002207A3 /* Foundation.framework in Frameworks */ = {isa = PBXBuildFile; fileRef = F95814FF1964850B002207A3 /* Foundation.framework */; };
		F95815241964850B002207A3 /* UIKit.framework in Frameworks */ = {isa = PBXBuildFile; fileRef = F95815031964850B002207A3 /* UIKit.framework */; };
/* End PBXBuildFile section */

/* Begin PBXContainerItemProxy section */
		F95815251964850B002207A3 /* PBXContainerItemProxy */ = {
			isa = PBXContainerItemProxy;
			containerPortal = F95814F41964850B002207A3 /* Project object */;
			proxyType = 1;
			remoteGlobalIDString = F95814FB1964850B002207A3;
			remoteInfo = "Trip Story";
		};
/* End PBXContainerItemProxy section */

/* Begin PBXFileReference section */
		F95814FC1964850B002207A3 /* Trip Story.app */ = {isa = PBXFileReference; explicitFileType = wrapper.application; includeInIndex = 0; path = "Trip Story.app"; sourceTree = BUILT_PRODUCTS_DIR; };
		F95814FF1964850B002207A3 /* Foundation.framework */ = {isa = PBXFileReference; lastKnownFileType = wrapper.framework; name = Foundation.framework; path = System/Library/Frameworks/Foundation.framework; sourceTree = SDKROOT; };
		F95815011964850B002207A3 /* CoreGraphics.framework */ = {isa = PBXFileReference; lastKnownFileType = wrapper.framework; name = CoreGraphics.framework; path = System/Library/Frameworks/CoreGraphics.framework; sourceTree = SDKROOT; };
		F95815031964850B002207A3 /* UIKit.framework */ = {isa = PBXFileReference; lastKnownFileType = wrapper.framework; name = UIKit.framework; path = System/Library/Frameworks/UIKit.framework; sourceTree = SDKROOT; };
		F95815071964850B002207A3 /* Trip Story-Info.plist */ = {isa = PBXFileReference; lastKnownFileType = text.plist.xml; path = "Trip Story-Info.plist"; sourceTree = "<group>"; };
		F95815091964850B002207A3 /* en */ = {isa = PBXFileReference; lastKnownFileType = text.plist.strings; name = en; path = en.lproj/InfoPlist.strings; sourceTree = "<group>"; };
		F958150B1964850B002207A3 /* main.m */ = {isa = PBXFileReference; lastKnownFileType = sourcecode.c.objc; path = main.m; sourceTree = "<group>"; };
		F958150D1964850B002207A3 /* Trip Story-Prefix.pch */ = {isa = PBXFileReference; lastKnownFileType = sourcecode.c.h; path = "Trip Story-Prefix.pch"; sourceTree = "<group>"; };
		F958150E1964850B002207A3 /* DTSAppDelegate.h */ = {isa = PBXFileReference; lastKnownFileType = sourcecode.c.h; path = DTSAppDelegate.h; sourceTree = "<group>"; };
		F958150F1964850B002207A3 /* DTSAppDelegate.m */ = {isa = PBXFileReference; lastKnownFileType = sourcecode.c.objc; path = DTSAppDelegate.m; sourceTree = "<group>"; };
		F95815121964850B002207A3 /* Base */ = {isa = PBXFileReference; lastKnownFileType = file.storyboard; name = Base; path = Base.lproj/Main_iPhone.storyboard; sourceTree = "<group>"; };
		F95815151964850B002207A3 /* Base */ = {isa = PBXFileReference; lastKnownFileType = file.storyboard; name = Base; path = Base.lproj/Main_iPad.storyboard; sourceTree = "<group>"; };
		F95815171964850B002207A3 /* DTSViewController.h */ = {isa = PBXFileReference; lastKnownFileType = sourcecode.c.h; path = DTSViewController.h; sourceTree = "<group>"; };
		F95815181964850B002207A3 /* DTSViewController.m */ = {isa = PBXFileReference; lastKnownFileType = sourcecode.c.objc; path = DTSViewController.m; sourceTree = "<group>"; };
		F958151A1964850B002207A3 /* Images.xcassets */ = {isa = PBXFileReference; lastKnownFileType = folder.assetcatalog; path = Images.xcassets; sourceTree = "<group>"; };
		F95815201964850B002207A3 /* Trip StoryTests.xctest */ = {isa = PBXFileReference; explicitFileType = wrapper.cfbundle; includeInIndex = 0; path = "Trip StoryTests.xctest"; sourceTree = BUILT_PRODUCTS_DIR; };
		F95815211964850B002207A3 /* XCTest.framework */ = {isa = PBXFileReference; lastKnownFileType = wrapper.framework; name = XCTest.framework; path = Library/Frameworks/XCTest.framework; sourceTree = DEVELOPER_DIR; };
/* End PBXFileReference section */

/* Begin PBXFrameworksBuildPhase section */
		F95814F91964850B002207A3 /* Frameworks */ = {
			isa = PBXFrameworksBuildPhase;
			buildActionMask = 2147483647;
			files = (
				F95815021964850B002207A3 /* CoreGraphics.framework in Frameworks */,
				F95815041964850B002207A3 /* UIKit.framework in Frameworks */,
				F95815001964850B002207A3 /* Foundation.framework in Frameworks */,
			);
			runOnlyForDeploymentPostprocessing = 0;
		};
		F958151D1964850B002207A3 /* Frameworks */ = {
			isa = PBXFrameworksBuildPhase;
			buildActionMask = 2147483647;
			files = (
				F95815221964850B002207A3 /* XCTest.framework in Frameworks */,
				F95815241964850B002207A3 /* UIKit.framework in Frameworks */,
				F95815231964850B002207A3 /* Foundation.framework in Frameworks */,
			);
			runOnlyForDeploymentPostprocessing = 0;
		};
/* End PBXFrameworksBuildPhase section */

/* Begin PBXGroup section */
		F95814F31964850B002207A3 = {
			isa = PBXGroup;
			children = (
				F95815051964850B002207A3 /* Trip Story */,
				F95814FE1964850B002207A3 /* Frameworks */,
				F95814FD1964850B002207A3 /* Products */,
			);
			sourceTree = "<group>";
		};
		F95814FD1964850B002207A3 /* Products */ = {
			isa = PBXGroup;
			children = (
				F95814FC1964850B002207A3 /* Trip Story.app */,
				F95815201964850B002207A3 /* Trip StoryTests.xctest */,
			);
			name = Products;
			sourceTree = "<group>";
		};
		F95814FE1964850B002207A3 /* Frameworks */ = {
			isa = PBXGroup;
			children = (
				F95814FF1964850B002207A3 /* Foundation.framework */,
				F95815011964850B002207A3 /* CoreGraphics.framework */,
				F95815031964850B002207A3 /* UIKit.framework */,
				F95815211964850B002207A3 /* XCTest.framework */,
			);
			name = Frameworks;
			sourceTree = "<group>";
		};
		F95815051964850B002207A3 /* Trip Story */ = {
			isa = PBXGroup;
			children = (
				F958150E1964850B002207A3 /* DTSAppDelegate.h */,
				F958150F1964850B002207A3 /* DTSAppDelegate.m */,
				F95815111964850B002207A3 /* Main_iPhone.storyboard */,
				F95815141964850B002207A3 /* Main_iPad.storyboard */,
				F95815171964850B002207A3 /* DTSViewController.h */,
				F95815181964850B002207A3 /* DTSViewController.m */,
				F958151A1964850B002207A3 /* Images.xcassets */,
				F95815061964850B002207A3 /* Supporting Files */,
			);
			path = "Trip Story";
			sourceTree = "<group>";
		};
		F95815061964850B002207A3 /* Supporting Files */ = {
			isa = PBXGroup;
			children = (
				F95815071964850B002207A3 /* Trip Story-Info.plist */,
				F95815081964850B002207A3 /* InfoPlist.strings */,
				F958150B1964850B002207A3 /* main.m */,
				F958150D1964850B002207A3 /* Trip Story-Prefix.pch */,
			);
			name = "Supporting Files";
			sourceTree = "<group>";
		};
/* End PBXGroup section */

/* Begin PBXNativeTarget section */
		F95814FB1964850B002207A3 /* Trip Story */ = {
			isa = PBXNativeTarget;
			buildConfigurationList = F95815311964850B002207A3 /* Build configuration list for PBXNativeTarget "Trip Story" */;
			buildPhases = (
				F95814F81964850B002207A3 /* Sources */,
				F95814F91964850B002207A3 /* Frameworks */,
				F95814FA1964850B002207A3 /* Resources */,
			);
			buildRules = (
			);
			dependencies = (
			);
			name = "Trip Story";
			productName = "Trip Story";
			productReference = F95814FC1964850B002207A3 /* Trip Story.app */;
			productType = "com.apple.product-type.application";
		};
		F958151F1964850B002207A3 /* Trip StoryTests */ = {
			isa = PBXNativeTarget;
			buildConfigurationList = F95815341964850B002207A3 /* Build configuration list for PBXNativeTarget "Trip StoryTests" */;
			buildPhases = (
				F958151C1964850B002207A3 /* Sources */,
				F958151D1964850B002207A3 /* Frameworks */,
				F958151E1964850B002207A3 /* Resources */,
			);
			buildRules = (
			);
			dependencies = (
				F95815261964850B002207A3 /* PBXTargetDependency */,
			);
			name = "Trip StoryTests";
			productName = "Trip StoryTests";
			productReference = F95815201964850B002207A3 /* Trip StoryTests.xctest */;
			productType = "com.apple.product-type.bundle.unit-test";
		};
/* End PBXNativeTarget section */

/* Begin PBXProject section */
		F95814F41964850B002207A3 /* Project object */ = {
			isa = PBXProject;
			attributes = {
				CLASSPREFIX = DTS;
				LastUpgradeCheck = 0510;
				ORGANIZATIONNAME = DKC;
				TargetAttributes = {
					F958151F1964850B002207A3 = {
						TestTargetID = F95814FB1964850B002207A3;
					};
				};
			};
			buildConfigurationList = F95814F71964850B002207A3 /* Build configuration list for PBXProject "Trip Story" */;
			compatibilityVersion = "Xcode 3.2";
			developmentRegion = English;
			hasScannedForEncodings = 0;
			knownRegions = (
				en,
				Base,
			);
			mainGroup = F95814F31964850B002207A3;
			productRefGroup = F95814FD1964850B002207A3 /* Products */;
			projectDirPath = "";
			projectRoot = "";
			targets = (
				F95814FB1964850B002207A3 /* Trip Story */,
				F958151F1964850B002207A3 /* Trip StoryTests */,
			);
		};
/* End PBXProject section */

/* Begin PBXResourcesBuildPhase section */
		F95814FA1964850B002207A3 /* Resources */ = {
			isa = PBXResourcesBuildPhase;
			buildActionMask = 2147483647;
			files = (
				F95815161964850B002207A3 /* Main_iPad.storyboard in Resources */,
				F958151B1964850B002207A3 /* Images.xcassets in Resources */,
				F95815131964850B002207A3 /* Main_iPhone.storyboard in Resources */,
				F958150A1964850B002207A3 /* InfoPlist.strings in Resources */,
			);
			runOnlyForDeploymentPostprocessing = 0;
		};
		F958151E1964850B002207A3 /* Resources */ = {
			isa = PBXResourcesBuildPhase;
			buildActionMask = 2147483647;
			files = (
			);
			runOnlyForDeploymentPostprocessing = 0;
		};
/* End PBXResourcesBuildPhase section */

/* Begin PBXSourcesBuildPhase section */
		F95814F81964850B002207A3 /* Sources */ = {
			isa = PBXSourcesBuildPhase;
			buildActionMask = 2147483647;
			files = (
				F95815191964850B002207A3 /* DTSViewController.m in Sources */,
				F958150C1964850B002207A3 /* main.m in Sources */,
				F95815101964850B002207A3 /* DTSAppDelegate.m in Sources */,
			);
			runOnlyForDeploymentPostprocessing = 0;
		};
		F958151C1964850B002207A3 /* Sources */ = {
			isa = PBXSourcesBuildPhase;
			buildActionMask = 2147483647;
			files = (
			);
			runOnlyForDeploymentPostprocessing = 0;
		};
/* End PBXSourcesBuildPhase section */

/* Begin PBXTargetDependency section */
		F95815261964850B002207A3 /* PBXTargetDependency */ = {
			isa = PBXTargetDependency;
			target = F95814FB1964850B002207A3 /* Trip Story */;
			targetProxy = F95815251964850B002207A3 /* PBXContainerItemProxy */;
		};
/* End PBXTargetDependency section */

/* Begin PBXVariantGroup section */
		F95815081964850B002207A3 /* InfoPlist.strings */ = {
			isa = PBXVariantGroup;
			children = (
				F95815091964850B002207A3 /* en */,
			);
			name = InfoPlist.strings;
			sourceTree = "<group>";
		};
		F95815111964850B002207A3 /* Main_iPhone.storyboard */ = {
			isa = PBXVariantGroup;
			children = (
				F95815121964850B002207A3 /* Base */,
			);
			name = Main_iPhone.storyboard;
			sourceTree = "<group>";
		};
		F95815141964850B002207A3 /* Main_iPad.storyboard */ = {
			isa = PBXVariantGroup;
			children = (
				F95815151964850B002207A3 /* Base */,
			);
			name = Main_iPad.storyboard;
			sourceTree = "<group>";
		};
/* End PBXVariantGroup section */

/* Begin XCBuildConfiguration section */
		F958152F1964850B002207A3 /* Debug */ = {
			isa = XCBuildConfiguration;
			buildSettings = {
				ALWAYS_SEARCH_USER_PATHS = NO;
				CLANG_CXX_LANGUAGE_STANDARD = "gnu++0x";
				CLANG_CXX_LIBRARY = "libc++";
				CLANG_ENABLE_MODULES = YES;
				CLANG_ENABLE_OBJC_ARC = YES;
				CLANG_WARN_BOOL_CONVERSION = YES;
				CLANG_WARN_CONSTANT_CONVERSION = YES;
				CLANG_WARN_DIRECT_OBJC_ISA_USAGE = YES_ERROR;
				CLANG_WARN_EMPTY_BODY = YES;
				CLANG_WARN_ENUM_CONVERSION = YES;
				CLANG_WARN_INT_CONVERSION = YES;
				CLANG_WARN_OBJC_ROOT_CLASS = YES_ERROR;
				CLANG_WARN__DUPLICATE_METHOD_MATCH = YES;
				"CODE_SIGN_IDENTITY[sdk=iphoneos*]" = "iPhone Developer";
				COPY_PHASE_STRIP = NO;
				GCC_C_LANGUAGE_STANDARD = gnu99;
				GCC_DYNAMIC_NO_PIC = NO;
				GCC_OPTIMIZATION_LEVEL = 0;
				GCC_PREPROCESSOR_DEFINITIONS = (
					"DEBUG=1",
					"$(inherited)",
				);
				GCC_SYMBOLS_PRIVATE_EXTERN = NO;
				GCC_WARN_64_TO_32_BIT_CONVERSION = YES;
				GCC_WARN_ABOUT_RETURN_TYPE = YES_ERROR;
				GCC_WARN_UNDECLARED_SELECTOR = YES;
				GCC_WARN_UNINITIALIZED_AUTOS = YES_AGGRESSIVE;
				GCC_WARN_UNUSED_FUNCTION = YES;
				GCC_WARN_UNUSED_VARIABLE = YES;
				IPHONEOS_DEPLOYMENT_TARGET = 7.1;
				ONLY_ACTIVE_ARCH = YES;
				SDKROOT = iphoneos;
				TARGETED_DEVICE_FAMILY = "1,2";
			};
			name = Debug;
		};
		F95815301964850B002207A3 /* Release */ = {
			isa = XCBuildConfiguration;
			buildSettings = {
				ALWAYS_SEARCH_USER_PATHS = NO;
				CLANG_CXX_LANGUAGE_STANDARD = "gnu++0x";
				CLANG_CXX_LIBRARY = "libc++";
				CLANG_ENABLE_MODULES = YES;
				CLANG_ENABLE_OBJC_ARC = YES;
				CLANG_WARN_BOOL_CONVERSION = YES;
				CLANG_WARN_CONSTANT_CONVERSION = YES;
				CLANG_WARN_DIRECT_OBJC_ISA_USAGE = YES_ERROR;
				CLANG_WARN_EMPTY_BODY = YES;
				CLANG_WARN_ENUM_CONVERSION = YES;
				CLANG_WARN_INT_CONVERSION = YES;
				CLANG_WARN_OBJC_ROOT_CLASS = YES_ERROR;
				CLANG_WARN__DUPLICATE_METHOD_MATCH = YES;
				"CODE_SIGN_IDENTITY[sdk=iphoneos*]" = "iPhone Developer";
				COPY_PHASE_STRIP = YES;
				ENABLE_NS_ASSERTIONS = NO;
				GCC_C_LANGUAGE_STANDARD = gnu99;
				GCC_WARN_64_TO_32_BIT_CONVERSION = YES;
				GCC_WARN_ABOUT_RETURN_TYPE = YES_ERROR;
				GCC_WARN_UNDECLARED_SELECTOR = YES;
				GCC_WARN_UNINITIALIZED_AUTOS = YES_AGGRESSIVE;
				GCC_WARN_UNUSED_FUNCTION = YES;
				GCC_WARN_UNUSED_VARIABLE = YES;
				IPHONEOS_DEPLOYMENT_TARGET = 7.1;
				SDKROOT = iphoneos;
				TARGETED_DEVICE_FAMILY = "1,2";
				VALIDATE_PRODUCT = YES;
			};
			name = Release;
		};
		F95815321964850B002207A3 /* Debug */ = {
			isa = XCBuildConfiguration;
			buildSettings = {
				ASSETCATALOG_COMPILER_APPICON_NAME = AppIcon;
				ASSETCATALOG_COMPILER_LAUNCHIMAGE_NAME = LaunchImage;
				GCC_PRECOMPILE_PREFIX_HEADER = YES;
				GCC_PREFIX_HEADER = "Trip Story/Trip Story-Prefix.pch";
				INFOPLIST_FILE = "Trip Story/Trip Story-Info.plist";
				PRODUCT_NAME = "$(TARGET_NAME)";
				WRAPPER_EXTENSION = app;
			};
			name = Debug;
		};
		F95815331964850B002207A3 /* Release */ = {
			isa = XCBuildConfiguration;
			buildSettings = {
				ASSETCATALOG_COMPILER_APPICON_NAME = AppIcon;
				ASSETCATALOG_COMPILER_LAUNCHIMAGE_NAME = LaunchImage;
				GCC_PRECOMPILE_PREFIX_HEADER = YES;
				GCC_PREFIX_HEADER = "Trip Story/Trip Story-Prefix.pch";
				INFOPLIST_FILE = "Trip Story/Trip Story-Info.plist";
				PRODUCT_NAME = "$(TARGET_NAME)";
				WRAPPER_EXTENSION = app;
			};
			name = Release;
		};
		F95815351964850B002207A3 /* Debug */ = {
			isa = XCBuildConfiguration;
			buildSettings = {
				BUNDLE_LOADER = "$(BUILT_PRODUCTS_DIR)/Trip Story.app/Trip Story";
				FRAMEWORK_SEARCH_PATHS = (
					"$(SDKROOT)/Developer/Library/Frameworks",
					"$(inherited)",
					"$(DEVELOPER_FRAMEWORKS_DIR)",
				);
				GCC_PRECOMPILE_PREFIX_HEADER = YES;
				GCC_PREFIX_HEADER = "Trip Story/Trip Story-Prefix.pch";
				GCC_PREPROCESSOR_DEFINITIONS = (
					"DEBUG=1",
					"$(inherited)",
				);
				INFOPLIST_FILE = "Trip StoryTests/Trip StoryTests-Info.plist";
				PRODUCT_NAME = "$(TARGET_NAME)";
				TEST_HOST = "$(BUNDLE_LOADER)";
				WRAPPER_EXTENSION = xctest;
			};
			name = Debug;
		};
		F95815361964850B002207A3 /* Release */ = {
			isa = XCBuildConfiguration;
			buildSettings = {
				BUNDLE_LOADER = "$(BUILT_PRODUCTS_DIR)/Trip Story.app/Trip Story";
				FRAMEWORK_SEARCH_PATHS = (
					"$(SDKROOT)/Developer/Library/Frameworks",
					"$(inherited)",
					"$(DEVELOPER_FRAMEWORKS_DIR)",
				);
				GCC_PRECOMPILE_PREFIX_HEADER = YES;
				GCC_PREFIX_HEADER = "Trip Story/Trip Story-Prefix.pch";
				INFOPLIST_FILE = "Trip StoryTests/Trip StoryTests-Info.plist";
				PRODUCT_NAME = "$(TARGET_NAME)";
				TEST_HOST = "$(BUNDLE_LOADER)";
				WRAPPER_EXTENSION = xctest;
			};
			name = Release;
		};
/* End XCBuildConfiguration section */

/* Begin XCConfigurationList section */
		F95814F71964850B002207A3 /* Build configuration list for PBXProject "Trip Story" */ = {
			isa = XCConfigurationList;
			buildConfigurations = (
				F958152F1964850B002207A3 /* Debug */,
				F95815301964850B002207A3 /* Release */,
			);
			defaultConfigurationIsVisible = 0;
			defaultConfigurationName = Release;
		};
		F95815311964850B002207A3 /* Build configuration list for PBXNativeTarget "Trip Story" */ = {
			isa = XCConfigurationList;
			buildConfigurations = (
				F95815321964850B002207A3 /* Debug */,
				F95815331964850B002207A3 /* Release */,
			);
			defaultConfigurationIsVisible = 0;
			defaultConfigurationName = Release;
		};
		F95815341964850B002207A3 /* Build configuration list for PBXNativeTarget "Trip StoryTests" */ = {
			isa = XCConfigurationList;
			buildConfigurations = (
				F95815351964850B002207A3 /* Debug */,
				F95815361964850B002207A3 /* Release */,
			);
			defaultConfigurationIsVisible = 0;
			defaultConfigurationName = Release;
		};
/* End XCConfigurationList section */
	};
	rootObject = F95814F41964850B002207A3 /* Project object */;
}
