// !$*UTF8*$!
{
	archiveVersion = 1;
	classes = {
	};
	objectVersion = 46;
	objects = {

/* Begin PBXBuildFile section */
		C0D68BA0E9CDAD5460ED53F9 /* libPods.a in Frameworks */ = {isa = PBXBuildFile; fileRef = 5E3D228BB7DE78C1AEC24A25 /* libPods.a */; };
		F91CBD32197EFDAD00BC3021 /* DTSLocationEntryViewController.m in Sources */ = {isa = PBXBuildFile; fileRef = F91CBD30197EFDAD00BC3021 /* DTSLocationEntryViewController.m */; };
		F91CBD371981B82700BC3021 /* DTSEventLocationEntryTableViewCell.m in Sources */ = {isa = PBXBuildFile; fileRef = F91CBD351981B82700BC3021 /* DTSEventLocationEntryTableViewCell.m */; };
		F91CBD381981B82700BC3021 /* DTSEventLocationEntryTableViewCell.xib in Resources */ = {isa = PBXBuildFile; fileRef = F91CBD361981B82700BC3021 /* DTSEventLocationEntryTableViewCell.xib */; };
		F91CBD3A1981C23400BC3021 /* DTSLocationEntryViewController.xib in Resources */ = {isa = PBXBuildFile; fileRef = F91CBD391981C23400BC3021 /* DTSLocationEntryViewController.xib */; };
		F91CBD3C1981D7FC00BC3021 /* MapKit.framework in Frameworks */ = {isa = PBXBuildFile; fileRef = F91CBD3B1981D7FC00BC3021 /* MapKit.framework */; };
		F948C7DE19786D21000A2A3B /* DTSEventsEntryTableViewController.m in Sources */ = {isa = PBXBuildFile; fileRef = F948C7DD19786D21000A2A3B /* DTSEventsEntryTableViewController.m */; };
		F948C7E1197874A7000A2A3B /* UIImage+ImageEffects.m in Sources */ = {isa = PBXBuildFile; fileRef = F948C7E0197874A7000A2A3B /* UIImage+ImageEffects.m */; };
		F948C7E6197883F2000A2A3B /* UIViewController+Utilities.m in Sources */ = {isa = PBXBuildFile; fileRef = F948C7E5197883F1000A2A3B /* UIViewController+Utilities.m */; };
		F948C7EA19789643000A2A3B /* DTSEventTextEntryTableViewCell.m in Sources */ = {isa = PBXBuildFile; fileRef = F948C7E819789643000A2A3B /* DTSEventTextEntryTableViewCell.m */; };
		F948C7EB19789643000A2A3B /* DTSEventTextEntryTableViewCell.xib in Resources */ = {isa = PBXBuildFile; fileRef = F948C7E919789643000A2A3B /* DTSEventTextEntryTableViewCell.xib */; };
		F948C7F11979EC95000A2A3B /* DTSEventDateEntryTableViewCell.m in Sources */ = {isa = PBXBuildFile; fileRef = F948C7EF1979EC95000A2A3B /* DTSEventDateEntryTableViewCell.m */; };
		F948C7F21979EC95000A2A3B /* DTSEventDateEntryTableViewCell.xib in Resources */ = {isa = PBXBuildFile; fileRef = F948C7F01979EC95000A2A3B /* DTSEventDateEntryTableViewCell.xib */; };
		F954E75E1964CA5A003A0B72 /* DTSAppDelegate.m in Sources */ = {isa = PBXBuildFile; fileRef = F954E7581964CA5A003A0B72 /* DTSAppDelegate.m */; };
		F954E75F1964CA5A003A0B72 /* DTSTripDetailsViewController.m in Sources */ = {isa = PBXBuildFile; fileRef = F954E75B1964CA5A003A0B72 /* DTSTripDetailsViewController.m */; };
		F954E7621964CAA1003A0B72 /* DTSTripStoryTableViewController.m in Sources */ = {isa = PBXBuildFile; fileRef = F954E7611964CAA1003A0B72 /* DTSTripStoryTableViewController.m */; };
		F954E7681965AAF2003A0B72 /* DTSEvent.m in Sources */ = {isa = PBXBuildFile; fileRef = F954E7671965AAF2003A0B72 /* DTSEvent.m */; };
		F954E76B1965AC0A003A0B72 /* DTSLocation.m in Sources */ = {isa = PBXBuildFile; fileRef = F954E76A1965AC0A003A0B72 /* DTSLocation.m */; };
		F954E76E1965C22C003A0B72 /* NSDate+Utilities.m in Sources */ = {isa = PBXBuildFile; fileRef = F954E76D1965C22C003A0B72 /* NSDate+Utilities.m */; };
		F954E77719660CE0003A0B72 /* DTSTripStoryEventActivityCell.m in Sources */ = {isa = PBXBuildFile; fileRef = F954E77519660CE0003A0B72 /* DTSTripStoryEventActivityCell.m */; };
		F954E77819660CE0003A0B72 /* DTSTripStoryEventActivityCell.xib in Resources */ = {isa = PBXBuildFile; fileRef = F954E77619660CE0003A0B72 /* DTSTripStoryEventActivityCell.xib */; };
		F954E77C1966410F003A0B72 /* DTSTripStoryEventGeneralCell.m in Sources */ = {isa = PBXBuildFile; fileRef = F954E77A1966410F003A0B72 /* DTSTripStoryEventGeneralCell.m */; };
		F954E77D1966410F003A0B72 /* DTSTripStoryEventGeneralCell.xib in Resources */ = {isa = PBXBuildFile; fileRef = F954E77B1966410F003A0B72 /* DTSTripStoryEventGeneralCell.xib */; };
		F954E78019664777003A0B72 /* UIColor+Utilities.m in Sources */ = {isa = PBXBuildFile; fileRef = F954E77F19664777003A0B72 /* UIColor+Utilities.m */; };
		F954E78319664967003A0B72 /* UIView+Utilities.m in Sources */ = {isa = PBXBuildFile; fileRef = F954E78219664967003A0B72 /* UIView+Utilities.m */; };
		F95815001964850B002207A3 /* Foundation.framework in Frameworks */ = {isa = PBXBuildFile; fileRef = F95814FF1964850B002207A3 /* Foundation.framework */; };
		F95815021964850B002207A3 /* CoreGraphics.framework in Frameworks */ = {isa = PBXBuildFile; fileRef = F95815011964850B002207A3 /* CoreGraphics.framework */; };
		F95815041964850B002207A3 /* UIKit.framework in Frameworks */ = {isa = PBXBuildFile; fileRef = F95815031964850B002207A3 /* UIKit.framework */; };
		F958150A1964850B002207A3 /* InfoPlist.strings in Resources */ = {isa = PBXBuildFile; fileRef = F95815081964850B002207A3 /* InfoPlist.strings */; };
		F958150C1964850B002207A3 /* main.m in Sources */ = {isa = PBXBuildFile; fileRef = F958150B1964850B002207A3 /* main.m */; };
		F958151B1964850B002207A3 /* Images.xcassets in Resources */ = {isa = PBXBuildFile; fileRef = F958151A1964850B002207A3 /* Images.xcassets */; };
		F95815221964850B002207A3 /* XCTest.framework in Frameworks */ = {isa = PBXBuildFile; fileRef = F95815211964850B002207A3 /* XCTest.framework */; };
		F95815231964850B002207A3 /* Foundation.framework in Frameworks */ = {isa = PBXBuildFile; fileRef = F95814FF1964850B002207A3 /* Foundation.framework */; };
		F95815241964850B002207A3 /* UIKit.framework in Frameworks */ = {isa = PBXBuildFile; fileRef = F95815031964850B002207A3 /* UIKit.framework */; };
		F96B21011AB297FA009CC03E /* DTSActivity.m in Sources */ = {isa = PBXBuildFile; fileRef = F96B21001AB297FA009CC03E /* DTSActivity.m */; };
		F96B21041AB29BA6009CC03E /* DTSUser.m in Sources */ = {isa = PBXBuildFile; fileRef = F96B21031AB29BA6009CC03E /* DTSUser.m */; };
		F96B21081AB3564B009CC03E /* DTSRootViewController.m in Sources */ = {isa = PBXBuildFile; fileRef = F96B21071AB3564B009CC03E /* DTSRootViewController.m */; };
		F96B211A1AB362AA009CC03E /* 1-selected.png in Resources */ = {isa = PBXBuildFile; fileRef = F96B210A1AB362AA009CC03E /* 1-selected.png */; };
		F96B211B1AB362AA009CC03E /* 1-selected@2x.png in Resources */ = {isa = PBXBuildFile; fileRef = F96B210B1AB362AA009CC03E /* 1-selected@2x.png */; };
		F96B211C1AB362AA009CC03E /* 1.png in Resources */ = {isa = PBXBuildFile; fileRef = F96B210C1AB362AA009CC03E /* 1.png */; };
		F96B211D1AB362AA009CC03E /* 1@2x.png in Resources */ = {isa = PBXBuildFile; fileRef = F96B210D1AB362AA009CC03E /* 1@2x.png */; };
		F96B211E1AB362AA009CC03E /* 2-selected.png in Resources */ = {isa = PBXBuildFile; fileRef = F96B210E1AB362AA009CC03E /* 2-selected.png */; };
		F96B211F1AB362AA009CC03E /* 2-selected@2x.png in Resources */ = {isa = PBXBuildFile; fileRef = F96B210F1AB362AA009CC03E /* 2-selected@2x.png */; };
		F96B21201AB362AA009CC03E /* 2.png in Resources */ = {isa = PBXBuildFile; fileRef = F96B21101AB362AA009CC03E /* 2.png */; };
		F96B21211AB362AA009CC03E /* 2@2x.png in Resources */ = {isa = PBXBuildFile; fileRef = F96B21111AB362AA009CC03E /* 2@2x.png */; };
		F96B21221AB362AA009CC03E /* 3-selected.png in Resources */ = {isa = PBXBuildFile; fileRef = F96B21121AB362AA009CC03E /* 3-selected.png */; };
		F96B21231AB362AA009CC03E /* 3-selected@2x.png in Resources */ = {isa = PBXBuildFile; fileRef = F96B21131AB362AA009CC03E /* 3-selected@2x.png */; };
		F96B21241AB362AA009CC03E /* 3.png in Resources */ = {isa = PBXBuildFile; fileRef = F96B21141AB362AA009CC03E /* 3.png */; };
		F96B21251AB362AA009CC03E /* 3@2x.png in Resources */ = {isa = PBXBuildFile; fileRef = F96B21151AB362AA009CC03E /* 3@2x.png */; };
		F96B21261AB362AA009CC03E /* 4-selected.png in Resources */ = {isa = PBXBuildFile; fileRef = F96B21161AB362AA009CC03E /* 4-selected.png */; };
		F96B21271AB362AA009CC03E /* 4-selected@2x.png in Resources */ = {isa = PBXBuildFile; fileRef = F96B21171AB362AA009CC03E /* 4-selected@2x.png */; };
		F96B21281AB362AA009CC03E /* 4.png in Resources */ = {isa = PBXBuildFile; fileRef = F96B21181AB362AA009CC03E /* 4.png */; };
		F96B21291AB362AA009CC03E /* 4@2x.png in Resources */ = {isa = PBXBuildFile; fileRef = F96B21191AB362AA009CC03E /* 4@2x.png */; };
		F96B212C1AB37B8B009CC03E /* UIViewController+DTSEmptyBackButton.m in Sources */ = {isa = PBXBuildFile; fileRef = F96B212B1AB37B8B009CC03E /* UIViewController+DTSEmptyBackButton.m */; };
		F96B21311AB38524009CC03E /* addTrip.png in Resources */ = {isa = PBXBuildFile; fileRef = F96B212D1AB38524009CC03E /* addTrip.png */; };
		F96B21321AB38524009CC03E /* edit.png in Resources */ = {isa = PBXBuildFile; fileRef = F96B212E1AB38524009CC03E /* edit.png */; };
		F96B21331AB38524009CC03E /* explore.png in Resources */ = {isa = PBXBuildFile; fileRef = F96B212F1AB38524009CC03E /* explore.png */; };
		F96B21341AB38524009CC03E /* users.png in Resources */ = {isa = PBXBuildFile; fileRef = F96B21301AB38524009CC03E /* users.png */; };
		F96B213D1AB389E7009CC03E /* addTrip@2x.png in Resources */ = {isa = PBXBuildFile; fileRef = F96B21351AB389E7009CC03E /* addTrip@2x.png */; };
		F96B213E1AB389E7009CC03E /* addTrip@3x.png in Resources */ = {isa = PBXBuildFile; fileRef = F96B21361AB389E7009CC03E /* addTrip@3x.png */; };
		F96B213F1AB389E7009CC03E /* edit@2x.png in Resources */ = {isa = PBXBuildFile; fileRef = F96B21371AB389E7009CC03E /* edit@2x.png */; };
		F96B21401AB389E7009CC03E /* edit@3x.png in Resources */ = {isa = PBXBuildFile; fileRef = F96B21381AB389E7009CC03E /* edit@3x.png */; };
		F96B21411AB389E7009CC03E /* explore@2x.png in Resources */ = {isa = PBXBuildFile; fileRef = F96B21391AB389E7009CC03E /* explore@2x.png */; };
		F96B21421AB389E7009CC03E /* explore@3x.png in Resources */ = {isa = PBXBuildFile; fileRef = F96B213A1AB389E7009CC03E /* explore@3x.png */; };
		F96B21431AB389E7009CC03E /* users@2x.png in Resources */ = {isa = PBXBuildFile; fileRef = F96B213B1AB389E7009CC03E /* users@2x.png */; };
		F96B21441AB389E7009CC03E /* users@3x.png in Resources */ = {isa = PBXBuildFile; fileRef = F96B213C1AB389E7009CC03E /* users@3x.png */; };
		F99712671971D07E00F2F8FA /* DTSTrip.m in Sources */ = {isa = PBXBuildFile; fileRef = F99712661971D07E00F2F8FA /* DTSTrip.m */; };
		F99EBA081A1DBC3700290D8A /* DTSTripEventDetailsViewController.m in Sources */ = {isa = PBXBuildFile; fileRef = F99EBA061A1DBC3700290D8A /* DTSTripEventDetailsViewController.m */; };
		F99EBA091A1DBC3700290D8A /* DTSTripEventDetailsViewController.xib in Resources */ = {isa = PBXBuildFile; fileRef = F99EBA071A1DBC3700290D8A /* DTSTripEventDetailsViewController.xib */; };
		F99EBA0D1A1E563700290D8A /* DTSEventDetailsInfoTableViewCell.m in Sources */ = {isa = PBXBuildFile; fileRef = F99EBA0B1A1E563700290D8A /* DTSEventDetailsInfoTableViewCell.m */; };
		F99EBA0E1A1E563700290D8A /* DTSEventDetailsInfoTableViewCell.xib in Resources */ = {isa = PBXBuildFile; fileRef = F99EBA0C1A1E563700290D8A /* DTSEventDetailsInfoTableViewCell.xib */; };
		F9B3F74019F0AF2A00BC6052 /* DTSTripDetailsMapViewController.m in Sources */ = {isa = PBXBuildFile; fileRef = F9B3F73E19F0AF2A00BC6052 /* DTSTripDetailsMapViewController.m */; };
		F9B3F74119F0AF2A00BC6052 /* DTSTripDetailsMapViewController.xib in Resources */ = {isa = PBXBuildFile; fileRef = F9B3F73F19F0AF2A00BC6052 /* DTSTripDetailsMapViewController.xib */; };
		F9B44F8219F20DE500321E2C /* HMSegmentedControl.m in Sources */ = {isa = PBXBuildFile; fileRef = F9B44F8119F20DE500321E2C /* HMSegmentedControl.m */; };
		F9B44F8619F3386F00321E2C /* DTSMKPolyLine.m in Sources */ = {isa = PBXBuildFile; fileRef = F9B44F8519F3386F00321E2C /* DTSMKPolyLine.m */; };
		F9B44F8E19F3922200321E2C /* TGLExposedLayout.m in Sources */ = {isa = PBXBuildFile; fileRef = F9B44F8919F3922200321E2C /* TGLExposedLayout.m */; };
		F9B44F8F19F3922200321E2C /* TGLStackedLayout.m in Sources */ = {isa = PBXBuildFile; fileRef = F9B44F8B19F3922200321E2C /* TGLStackedLayout.m */; };
		F9B44F9019F3922200321E2C /* TGLStackedViewController.m in Sources */ = {isa = PBXBuildFile; fileRef = F9B44F8D19F3922200321E2C /* TGLStackedViewController.m */; };
		F9B44F9419F3929D00321E2C /* DTSTripEventsViewController.m in Sources */ = {isa = PBXBuildFile; fileRef = F9B44F9319F3929D00321E2C /* DTSTripEventsViewController.m */; };
		F9B44F9819F3A3D500321E2C /* DTSTripEventsCollectionViewCell.m in Sources */ = {isa = PBXBuildFile; fileRef = F9B44F9719F3A3D500321E2C /* DTSTripEventsCollectionViewCell.m */; };
		F9BBF9571AA774850076CD78 /* DTSUserAuthHelper.m in Sources */ = {isa = PBXBuildFile; fileRef = F9BBF9561AA774850076CD78 /* DTSUserAuthHelper.m */; };
		F9BEC13D19B398A800622CC9 /* airplane21.png in Resources */ = {isa = PBXBuildFile; fileRef = F9BEC13A19B398A800622CC9 /* airplane21.png */; };
		F9BEC13E19B398A800622CC9 /* boat17.png in Resources */ = {isa = PBXBuildFile; fileRef = F9BEC13B19B398A800622CC9 /* boat17.png */; };
		F9BEC13F19B398A800622CC9 /* car88.png in Resources */ = {isa = PBXBuildFile; fileRef = F9BEC13C19B398A800622CC9 /* car88.png */; };
		F9BEC14119B39E9500622CC9 /* sailboat.png in Resources */ = {isa = PBXBuildFile; fileRef = F9BEC14019B39E9500622CC9 /* sailboat.png */; };
		F9BEC14319B39EFC00622CC9 /* sailing7.png in Resources */ = {isa = PBXBuildFile; fileRef = F9BEC14219B39EFC00622CC9 /* sailing7.png */; };
		F9BEC14519B39FB500622CC9 /* sailing8.png in Resources */ = {isa = PBXBuildFile; fileRef = F9BEC14419B39FB500622CC9 /* sailing8.png */; };
		F9BEC14719B3A17100622CC9 /* paralympic17.png in Resources */ = {isa = PBXBuildFile; fileRef = F9BEC14619B3A17100622CC9 /* paralympic17.png */; };
		F9BEC14919B3A22300622CC9 /* anchor2.png in Resources */ = {isa = PBXBuildFile; fileRef = F9BEC14819B3A22300622CC9 /* anchor2.png */; };
		F9BEC14B19B3A42100622CC9 /* waterTravel.png in Resources */ = {isa = PBXBuildFile; fileRef = F9BEC14A19B3A42100622CC9 /* waterTravel.png */; };
		F9EA06581AA57F99007573EC /* LaunchScreen.xib in Resources */ = {isa = PBXBuildFile; fileRef = F9EA06571AA57F99007573EC /* LaunchScreen.xib */; };
		F9F012ED19B522CF00176944 /* NSMutableArray+pieEx.m in Sources */ = {isa = PBXBuildFile; fileRef = F9F012E819B522CF00176944 /* NSMutableArray+pieEx.m */; };
		F9F012EE19B522CF00176944 /* PieElement.m in Sources */ = {isa = PBXBuildFile; fileRef = F9F012EA19B522CF00176944 /* PieElement.m */; };
		F9F012EF19B522CF00176944 /* PieLayer.m in Sources */ = {isa = PBXBuildFile; fileRef = F9F012EC19B522CF00176944 /* PieLayer.m */; };
		F9F012F319B524D900176944 /* DTSTripStoryHeaderView.m in Sources */ = {isa = PBXBuildFile; fileRef = F9F012F219B524D900176944 /* DTSTripStoryHeaderView.m */; };
		F9F012F519B5251A00176944 /* DTSTripStoryHeaderView.xib in Resources */ = {isa = PBXBuildFile; fileRef = F9F012F419B5251A00176944 /* DTSTripStoryHeaderView.xib */; };
		F9F05D391AA15D44002C4A42 /* DTSPlacemark.m in Sources */ = {isa = PBXBuildFile; fileRef = F9F05D381AA15D44002C4A42 /* DTSPlacemark.m */; };
		F9F05D3D1AA176DC002C4A42 /* DTSListOfTripsCollectionViewController.m in Sources */ = {isa = PBXBuildFile; fileRef = F9F05D3C1AA176DC002C4A42 /* DTSListOfTripsCollectionViewController.m */; };
		F9F05D411AA18F43002C4A42 /* NSObject+DTSAdditions.m in Sources */ = {isa = PBXBuildFile; fileRef = F9F05D401AA18F43002C4A42 /* NSObject+DTSAdditions.m */; };
		F9F05D441AA23AC1002C4A42 /* DTSTripCollectionViewCell.m in Sources */ = {isa = PBXBuildFile; fileRef = F9F05D431AA23AC1002C4A42 /* DTSTripCollectionViewCell.m */; };
		F9F05D461AA23AFF002C4A42 /* DTSTripCollectionViewCell.xib in Resources */ = {isa = PBXBuildFile; fileRef = F9F05D451AA23AFF002C4A42 /* DTSTripCollectionViewCell.xib */; };
		F9F92575197B148400D92941 /* DTSEventPickerEntryTableViewCell.m in Sources */ = {isa = PBXBuildFile; fileRef = F9F92573197B148400D92941 /* DTSEventPickerEntryTableViewCell.m */; };
		F9F92576197B148400D92941 /* DTSEventPickerEntryTableViewCell.xib in Resources */ = {isa = PBXBuildFile; fileRef = F9F92574197B148400D92941 /* DTSEventPickerEntryTableViewCell.xib */; };
		F9F92579197C3FF800D92941 /* NSString+Utilities.m in Sources */ = {isa = PBXBuildFile; fileRef = F9F92578197C3FF800D92941 /* NSString+Utilities.m */; };
/* End PBXBuildFile section */

/* Begin PBXContainerItemProxy section */
		F95815251964850B002207A3 /* PBXContainerItemProxy */ = {
			isa = PBXContainerItemProxy;
			containerPortal = F95814F41964850B002207A3 /* Project object */;
			proxyType = 1;
			remoteGlobalIDString = F95814FB1964850B002207A3;
			remoteInfo = "Trip Story";
		};
/* End PBXContainerItemProxy section */

/* Begin PBXFileReference section */
		5E3D228BB7DE78C1AEC24A25 /* libPods.a */ = {isa = PBXFileReference; explicitFileType = archive.ar; includeInIndex = 0; path = libPods.a; sourceTree = BUILT_PRODUCTS_DIR; };
		75582DF559755091FEAA98D5 /* Pods.release.xcconfig */ = {isa = PBXFileReference; includeInIndex = 1; lastKnownFileType = text.xcconfig; name = Pods.release.xcconfig; path = "Pods/Target Support Files/Pods/Pods.release.xcconfig"; sourceTree = "<group>"; };
		A633479BEFA6D59961C6DFCB /* Pods.debug.xcconfig */ = {isa = PBXFileReference; includeInIndex = 1; lastKnownFileType = text.xcconfig; name = Pods.debug.xcconfig; path = "Pods/Target Support Files/Pods/Pods.debug.xcconfig"; sourceTree = "<group>"; };
		F90CEE7A19931BB2002E9CE9 /* DTSTableViewCellParallaxProtocol.h */ = {isa = PBXFileReference; lastKnownFileType = sourcecode.c.h; path = DTSTableViewCellParallaxProtocol.h; sourceTree = "<group>"; };
		F91CBD2F197EFDAD00BC3021 /* DTSLocationEntryViewController.h */ = {isa = PBXFileReference; fileEncoding = 4; lastKnownFileType = sourcecode.c.h; path = DTSLocationEntryViewController.h; sourceTree = "<group>"; };
		F91CBD30197EFDAD00BC3021 /* DTSLocationEntryViewController.m */ = {isa = PBXFileReference; fileEncoding = 4; lastKnownFileType = sourcecode.c.objc; path = DTSLocationEntryViewController.m; sourceTree = "<group>"; };
		F91CBD341981B82700BC3021 /* DTSEventLocationEntryTableViewCell.h */ = {isa = PBXFileReference; fileEncoding = 4; lastKnownFileType = sourcecode.c.h; path = DTSEventLocationEntryTableViewCell.h; sourceTree = "<group>"; };
		F91CBD351981B82700BC3021 /* DTSEventLocationEntryTableViewCell.m */ = {isa = PBXFileReference; fileEncoding = 4; lastKnownFileType = sourcecode.c.objc; path = DTSEventLocationEntryTableViewCell.m; sourceTree = "<group>"; };
		F91CBD361981B82700BC3021 /* DTSEventLocationEntryTableViewCell.xib */ = {isa = PBXFileReference; fileEncoding = 4; lastKnownFileType = file.xib; path = DTSEventLocationEntryTableViewCell.xib; sourceTree = "<group>"; };
		F91CBD391981C23400BC3021 /* DTSLocationEntryViewController.xib */ = {isa = PBXFileReference; fileEncoding = 4; lastKnownFileType = file.xib; path = DTSLocationEntryViewController.xib; sourceTree = "<group>"; };
		F91CBD3B1981D7FC00BC3021 /* MapKit.framework */ = {isa = PBXFileReference; lastKnownFileType = wrapper.framework; name = MapKit.framework; path = System/Library/Frameworks/MapKit.framework; sourceTree = SDKROOT; };
		F948C7DC19786D21000A2A3B /* DTSEventsEntryTableViewController.h */ = {isa = PBXFileReference; fileEncoding = 4; lastKnownFileType = sourcecode.c.h; path = DTSEventsEntryTableViewController.h; sourceTree = "<group>"; };
		F948C7DD19786D21000A2A3B /* DTSEventsEntryTableViewController.m */ = {isa = PBXFileReference; fileEncoding = 4; lastKnownFileType = sourcecode.c.objc; path = DTSEventsEntryTableViewController.m; sourceTree = "<group>"; };
		F948C7DF197874A7000A2A3B /* UIImage+ImageEffects.h */ = {isa = PBXFileReference; fileEncoding = 4; lastKnownFileType = sourcecode.c.h; path = "UIImage+ImageEffects.h"; sourceTree = "<group>"; };
		F948C7E0197874A7000A2A3B /* UIImage+ImageEffects.m */ = {isa = PBXFileReference; fileEncoding = 4; lastKnownFileType = sourcecode.c.objc; path = "UIImage+ImageEffects.m"; sourceTree = "<group>"; };
		F948C7E319787A24000A2A3B /* DTSModalDismissProtocol.h */ = {isa = PBXFileReference; fileEncoding = 4; lastKnownFileType = sourcecode.c.h; path = DTSModalDismissProtocol.h; sourceTree = "<group>"; };
		F948C7E4197883F1000A2A3B /* UIViewController+Utilities.h */ = {isa = PBXFileReference; fileEncoding = 4; lastKnownFileType = sourcecode.c.h; path = "UIViewController+Utilities.h"; sourceTree = "<group>"; };
		F948C7E5197883F1000A2A3B /* UIViewController+Utilities.m */ = {isa = PBXFileReference; fileEncoding = 4; lastKnownFileType = sourcecode.c.objc; path = "UIViewController+Utilities.m"; sourceTree = "<group>"; };
		F948C7E719789643000A2A3B /* DTSEventTextEntryTableViewCell.h */ = {isa = PBXFileReference; fileEncoding = 4; lastKnownFileType = sourcecode.c.h; path = DTSEventTextEntryTableViewCell.h; sourceTree = "<group>"; };
		F948C7E819789643000A2A3B /* DTSEventTextEntryTableViewCell.m */ = {isa = PBXFileReference; fileEncoding = 4; lastKnownFileType = sourcecode.c.objc; path = DTSEventTextEntryTableViewCell.m; sourceTree = "<group>"; };
		F948C7E919789643000A2A3B /* DTSEventTextEntryTableViewCell.xib */ = {isa = PBXFileReference; fileEncoding = 4; lastKnownFileType = file.xib; path = DTSEventTextEntryTableViewCell.xib; sourceTree = "<group>"; };
		F948C7ED1979CF17000A2A3B /* DTSEntryTableViewCellDelegate.h */ = {isa = PBXFileReference; fileEncoding = 4; lastKnownFileType = sourcecode.c.h; path = DTSEntryTableViewCellDelegate.h; sourceTree = "<group>"; };
		F948C7EE1979EC95000A2A3B /* DTSEventDateEntryTableViewCell.h */ = {isa = PBXFileReference; fileEncoding = 4; lastKnownFileType = sourcecode.c.h; path = DTSEventDateEntryTableViewCell.h; sourceTree = "<group>"; };
		F948C7EF1979EC95000A2A3B /* DTSEventDateEntryTableViewCell.m */ = {isa = PBXFileReference; fileEncoding = 4; lastKnownFileType = sourcecode.c.objc; path = DTSEventDateEntryTableViewCell.m; sourceTree = "<group>"; };
		F948C7F01979EC95000A2A3B /* DTSEventDateEntryTableViewCell.xib */ = {isa = PBXFileReference; fileEncoding = 4; lastKnownFileType = file.xib; path = DTSEventDateEntryTableViewCell.xib; sourceTree = "<group>"; };
		F954E7571964CA5A003A0B72 /* DTSAppDelegate.h */ = {isa = PBXFileReference; fileEncoding = 4; lastKnownFileType = sourcecode.c.h; path = DTSAppDelegate.h; sourceTree = "<group>"; };
		F954E7581964CA5A003A0B72 /* DTSAppDelegate.m */ = {isa = PBXFileReference; fileEncoding = 4; lastKnownFileType = sourcecode.c.objc; path = DTSAppDelegate.m; sourceTree = "<group>"; };
		F954E75A1964CA5A003A0B72 /* DTSTripDetailsViewController.h */ = {isa = PBXFileReference; fileEncoding = 4; lastKnownFileType = sourcecode.c.h; path = DTSTripDetailsViewController.h; sourceTree = "<group>"; };
		F954E75B1964CA5A003A0B72 /* DTSTripDetailsViewController.m */ = {isa = PBXFileReference; fileEncoding = 4; lastKnownFileType = sourcecode.c.objc; path = DTSTripDetailsViewController.m; sourceTree = "<group>"; };
		F954E7601964CAA1003A0B72 /* DTSTripStoryTableViewController.h */ = {isa = PBXFileReference; fileEncoding = 4; lastKnownFileType = sourcecode.c.h; path = DTSTripStoryTableViewController.h; sourceTree = "<group>"; };
		F954E7611964CAA1003A0B72 /* DTSTripStoryTableViewController.m */ = {isa = PBXFileReference; fileEncoding = 4; lastKnownFileType = sourcecode.c.objc; path = DTSTripStoryTableViewController.m; sourceTree = "<group>"; };
		F954E7661965AAF2003A0B72 /* DTSEvent.h */ = {isa = PBXFileReference; fileEncoding = 4; lastKnownFileType = sourcecode.c.h; path = DTSEvent.h; sourceTree = "<group>"; };
		F954E7671965AAF2003A0B72 /* DTSEvent.m */ = {isa = PBXFileReference; fileEncoding = 4; lastKnownFileType = sourcecode.c.objc; path = DTSEvent.m; sourceTree = "<group>"; };
		F954E7691965AC0A003A0B72 /* DTSLocation.h */ = {isa = PBXFileReference; fileEncoding = 4; lastKnownFileType = sourcecode.c.h; path = DTSLocation.h; sourceTree = "<group>"; };
		F954E76A1965AC0A003A0B72 /* DTSLocation.m */ = {isa = PBXFileReference; fileEncoding = 4; lastKnownFileType = sourcecode.c.objc; path = DTSLocation.m; sourceTree = "<group>"; };
		F954E76C1965C22C003A0B72 /* NSDate+Utilities.h */ = {isa = PBXFileReference; fileEncoding = 4; lastKnownFileType = sourcecode.c.h; path = "NSDate+Utilities.h"; sourceTree = "<group>"; };
		F954E76D1965C22C003A0B72 /* NSDate+Utilities.m */ = {isa = PBXFileReference; fileEncoding = 4; lastKnownFileType = sourcecode.c.objc; path = "NSDate+Utilities.m"; sourceTree = "<group>"; };
		F954E77419660CE0003A0B72 /* DTSTripStoryEventActivityCell.h */ = {isa = PBXFileReference; fileEncoding = 4; lastKnownFileType = sourcecode.c.h; path = DTSTripStoryEventActivityCell.h; sourceTree = "<group>"; };
		F954E77519660CE0003A0B72 /* DTSTripStoryEventActivityCell.m */ = {isa = PBXFileReference; fileEncoding = 4; lastKnownFileType = sourcecode.c.objc; path = DTSTripStoryEventActivityCell.m; sourceTree = "<group>"; };
		F954E77619660CE0003A0B72 /* DTSTripStoryEventActivityCell.xib */ = {isa = PBXFileReference; fileEncoding = 4; lastKnownFileType = file.xib; path = DTSTripStoryEventActivityCell.xib; sourceTree = "<group>"; };
		F954E7791966410F003A0B72 /* DTSTripStoryEventGeneralCell.h */ = {isa = PBXFileReference; fileEncoding = 4; lastKnownFileType = sourcecode.c.h; path = DTSTripStoryEventGeneralCell.h; sourceTree = "<group>"; };
		F954E77A1966410F003A0B72 /* DTSTripStoryEventGeneralCell.m */ = {isa = PBXFileReference; fileEncoding = 4; lastKnownFileType = sourcecode.c.objc; path = DTSTripStoryEventGeneralCell.m; sourceTree = "<group>"; };
		F954E77B1966410F003A0B72 /* DTSTripStoryEventGeneralCell.xib */ = {isa = PBXFileReference; fileEncoding = 4; lastKnownFileType = file.xib; path = DTSTripStoryEventGeneralCell.xib; sourceTree = "<group>"; };
		F954E77E19664777003A0B72 /* UIColor+Utilities.h */ = {isa = PBXFileReference; fileEncoding = 4; lastKnownFileType = sourcecode.c.h; path = "UIColor+Utilities.h"; sourceTree = "<group>"; };
		F954E77F19664777003A0B72 /* UIColor+Utilities.m */ = {isa = PBXFileReference; fileEncoding = 4; lastKnownFileType = sourcecode.c.objc; path = "UIColor+Utilities.m"; sourceTree = "<group>"; };
		F954E78119664967003A0B72 /* UIView+Utilities.h */ = {isa = PBXFileReference; fileEncoding = 4; lastKnownFileType = sourcecode.c.h; path = "UIView+Utilities.h"; sourceTree = "<group>"; };
		F954E78219664967003A0B72 /* UIView+Utilities.m */ = {isa = PBXFileReference; fileEncoding = 4; lastKnownFileType = sourcecode.c.objc; path = "UIView+Utilities.m"; sourceTree = "<group>"; };
		F95814FC1964850B002207A3 /* Trip Story.app */ = {isa = PBXFileReference; explicitFileType = wrapper.application; includeInIndex = 0; path = "Trip Story.app"; sourceTree = BUILT_PRODUCTS_DIR; };
		F95814FF1964850B002207A3 /* Foundation.framework */ = {isa = PBXFileReference; lastKnownFileType = wrapper.framework; name = Foundation.framework; path = System/Library/Frameworks/Foundation.framework; sourceTree = SDKROOT; };
		F95815011964850B002207A3 /* CoreGraphics.framework */ = {isa = PBXFileReference; lastKnownFileType = wrapper.framework; name = CoreGraphics.framework; path = System/Library/Frameworks/CoreGraphics.framework; sourceTree = SDKROOT; };
		F95815031964850B002207A3 /* UIKit.framework */ = {isa = PBXFileReference; lastKnownFileType = wrapper.framework; name = UIKit.framework; path = System/Library/Frameworks/UIKit.framework; sourceTree = SDKROOT; };
		F95815071964850B002207A3 /* Trip Story-Info.plist */ = {isa = PBXFileReference; lastKnownFileType = text.plist.xml; path = "Trip Story-Info.plist"; sourceTree = "<group>"; };
		F95815091964850B002207A3 /* en */ = {isa = PBXFileReference; lastKnownFileType = text.plist.strings; name = en; path = en.lproj/InfoPlist.strings; sourceTree = "<group>"; };
		F958150B1964850B002207A3 /* main.m */ = {isa = PBXFileReference; lastKnownFileType = sourcecode.c.objc; path = main.m; sourceTree = "<group>"; };
		F958150D1964850B002207A3 /* Trip Story-Prefix.pch */ = {isa = PBXFileReference; lastKnownFileType = sourcecode.c.h; path = "Trip Story-Prefix.pch"; sourceTree = "<group>"; };
		F958151A1964850B002207A3 /* Images.xcassets */ = {isa = PBXFileReference; lastKnownFileType = folder.assetcatalog; path = Images.xcassets; sourceTree = "<group>"; };
		F95815201964850B002207A3 /* Trip StoryTests.xctest */ = {isa = PBXFileReference; explicitFileType = wrapper.cfbundle; includeInIndex = 0; path = "Trip StoryTests.xctest"; sourceTree = BUILT_PRODUCTS_DIR; };
		F95815211964850B002207A3 /* XCTest.framework */ = {isa = PBXFileReference; lastKnownFileType = wrapper.framework; name = XCTest.framework; path = Library/Frameworks/XCTest.framework; sourceTree = DEVELOPER_DIR; };
		F96B20FF1AB297FA009CC03E /* DTSActivity.h */ = {isa = PBXFileReference; fileEncoding = 4; lastKnownFileType = sourcecode.c.h; path = DTSActivity.h; sourceTree = "<group>"; };
		F96B21001AB297FA009CC03E /* DTSActivity.m */ = {isa = PBXFileReference; fileEncoding = 4; lastKnownFileType = sourcecode.c.objc; path = DTSActivity.m; sourceTree = "<group>"; };
		F96B21021AB29BA6009CC03E /* DTSUser.h */ = {isa = PBXFileReference; fileEncoding = 4; lastKnownFileType = sourcecode.c.h; path = DTSUser.h; sourceTree = "<group>"; };
		F96B21031AB29BA6009CC03E /* DTSUser.m */ = {isa = PBXFileReference; fileEncoding = 4; lastKnownFileType = sourcecode.c.objc; path = DTSUser.m; sourceTree = "<group>"; };
		F96B21061AB3564B009CC03E /* DTSRootViewController.h */ = {isa = PBXFileReference; fileEncoding = 4; lastKnownFileType = sourcecode.c.h; name = DTSRootViewController.h; path = RootVC/DTSRootViewController.h; sourceTree = "<group>"; };
		F96B21071AB3564B009CC03E /* DTSRootViewController.m */ = {isa = PBXFileReference; fileEncoding = 4; lastKnownFileType = sourcecode.c.objc; name = DTSRootViewController.m; path = RootVC/DTSRootViewController.m; sourceTree = "<group>"; };
		F96B210A1AB362AA009CC03E /* 1-selected.png */ = {isa = PBXFileReference; lastKnownFileType = image.png; path = "1-selected.png"; sourceTree = "<group>"; };
		F96B210B1AB362AA009CC03E /* 1-selected@2x.png */ = {isa = PBXFileReference; lastKnownFileType = image.png; path = "1-selected@2x.png"; sourceTree = "<group>"; };
		F96B210C1AB362AA009CC03E /* 1.png */ = {isa = PBXFileReference; lastKnownFileType = image.png; path = 1.png; sourceTree = "<group>"; };
		F96B210D1AB362AA009CC03E /* 1@2x.png */ = {isa = PBXFileReference; lastKnownFileType = image.png; path = "1@2x.png"; sourceTree = "<group>"; };
		F96B210E1AB362AA009CC03E /* 2-selected.png */ = {isa = PBXFileReference; lastKnownFileType = image.png; path = "2-selected.png"; sourceTree = "<group>"; };
		F96B210F1AB362AA009CC03E /* 2-selected@2x.png */ = {isa = PBXFileReference; lastKnownFileType = image.png; path = "2-selected@2x.png"; sourceTree = "<group>"; };
		F96B21101AB362AA009CC03E /* 2.png */ = {isa = PBXFileReference; lastKnownFileType = image.png; path = 2.png; sourceTree = "<group>"; };
		F96B21111AB362AA009CC03E /* 2@2x.png */ = {isa = PBXFileReference; lastKnownFileType = image.png; path = "2@2x.png"; sourceTree = "<group>"; };
		F96B21121AB362AA009CC03E /* 3-selected.png */ = {isa = PBXFileReference; lastKnownFileType = image.png; path = "3-selected.png"; sourceTree = "<group>"; };
		F96B21131AB362AA009CC03E /* 3-selected@2x.png */ = {isa = PBXFileReference; lastKnownFileType = image.png; path = "3-selected@2x.png"; sourceTree = "<group>"; };
		F96B21141AB362AA009CC03E /* 3.png */ = {isa = PBXFileReference; lastKnownFileType = image.png; path = 3.png; sourceTree = "<group>"; };
		F96B21151AB362AA009CC03E /* 3@2x.png */ = {isa = PBXFileReference; lastKnownFileType = image.png; path = "3@2x.png"; sourceTree = "<group>"; };
		F96B21161AB362AA009CC03E /* 4-selected.png */ = {isa = PBXFileReference; lastKnownFileType = image.png; path = "4-selected.png"; sourceTree = "<group>"; };
		F96B21171AB362AA009CC03E /* 4-selected@2x.png */ = {isa = PBXFileReference; lastKnownFileType = image.png; path = "4-selected@2x.png"; sourceTree = "<group>"; };
		F96B21181AB362AA009CC03E /* 4.png */ = {isa = PBXFileReference; lastKnownFileType = image.png; path = 4.png; sourceTree = "<group>"; };
		F96B21191AB362AA009CC03E /* 4@2x.png */ = {isa = PBXFileReference; lastKnownFileType = image.png; path = "4@2x.png"; sourceTree = "<group>"; };
		F96B212A1AB37B8B009CC03E /* UIViewController+DTSEmptyBackButton.h */ = {isa = PBXFileReference; fileEncoding = 4; lastKnownFileType = sourcecode.c.h; path = "UIViewController+DTSEmptyBackButton.h"; sourceTree = "<group>"; };
		F96B212B1AB37B8B009CC03E /* UIViewController+DTSEmptyBackButton.m */ = {isa = PBXFileReference; fileEncoding = 4; lastKnownFileType = sourcecode.c.objc; path = "UIViewController+DTSEmptyBackButton.m"; sourceTree = "<group>"; };
		F96B212D1AB38524009CC03E /* addTrip.png */ = {isa = PBXFileReference; lastKnownFileType = image.png; path = addTrip.png; sourceTree = "<group>"; };
		F96B212E1AB38524009CC03E /* edit.png */ = {isa = PBXFileReference; lastKnownFileType = image.png; path = edit.png; sourceTree = "<group>"; };
		F96B212F1AB38524009CC03E /* explore.png */ = {isa = PBXFileReference; lastKnownFileType = image.png; path = explore.png; sourceTree = "<group>"; };
		F96B21301AB38524009CC03E /* users.png */ = {isa = PBXFileReference; lastKnownFileType = image.png; path = users.png; sourceTree = "<group>"; };
		F96B21351AB389E7009CC03E /* addTrip@2x.png */ = {isa = PBXFileReference; lastKnownFileType = image.png; path = "addTrip@2x.png"; sourceTree = "<group>"; };
		F96B21361AB389E7009CC03E /* addTrip@3x.png */ = {isa = PBXFileReference; lastKnownFileType = image.png; path = "addTrip@3x.png"; sourceTree = "<group>"; };
		F96B21371AB389E7009CC03E /* edit@2x.png */ = {isa = PBXFileReference; lastKnownFileType = image.png; path = "edit@2x.png"; sourceTree = "<group>"; };
		F96B21381AB389E7009CC03E /* edit@3x.png */ = {isa = PBXFileReference; lastKnownFileType = image.png; path = "edit@3x.png"; sourceTree = "<group>"; };
		F96B21391AB389E7009CC03E /* explore@2x.png */ = {isa = PBXFileReference; lastKnownFileType = image.png; path = "explore@2x.png"; sourceTree = "<group>"; };
		F96B213A1AB389E7009CC03E /* explore@3x.png */ = {isa = PBXFileReference; lastKnownFileType = image.png; path = "explore@3x.png"; sourceTree = "<group>"; };
		F96B213B1AB389E7009CC03E /* users@2x.png */ = {isa = PBXFileReference; lastKnownFileType = image.png; path = "users@2x.png"; sourceTree = "<group>"; };
		F96B213C1AB389E7009CC03E /* users@3x.png */ = {isa = PBXFileReference; lastKnownFileType = image.png; path = "users@3x.png"; sourceTree = "<group>"; };
		F96BB05C19854389009C0A1F /* DTSTripDetailsContainerDelegate.h */ = {isa = PBXFileReference; fileEncoding = 4; lastKnownFileType = sourcecode.c.h; path = DTSTripDetailsContainerDelegate.h; sourceTree = "<group>"; };
		F99712651971D07E00F2F8FA /* DTSTrip.h */ = {isa = PBXFileReference; fileEncoding = 4; lastKnownFileType = sourcecode.c.h; path = DTSTrip.h; sourceTree = "<group>"; };
		F99712661971D07E00F2F8FA /* DTSTrip.m */ = {isa = PBXFileReference; fileEncoding = 4; lastKnownFileType = sourcecode.c.objc; path = DTSTrip.m; sourceTree = "<group>"; };
		F99EBA051A1DBC3700290D8A /* DTSTripEventDetailsViewController.h */ = {isa = PBXFileReference; fileEncoding = 4; lastKnownFileType = sourcecode.c.h; name = DTSTripEventDetailsViewController.h; path = TripEvents/DTSTripEventDetailsViewController.h; sourceTree = "<group>"; };
		F99EBA061A1DBC3700290D8A /* DTSTripEventDetailsViewController.m */ = {isa = PBXFileReference; fileEncoding = 4; lastKnownFileType = sourcecode.c.objc; name = DTSTripEventDetailsViewController.m; path = TripEvents/DTSTripEventDetailsViewController.m; sourceTree = "<group>"; };
		F99EBA071A1DBC3700290D8A /* DTSTripEventDetailsViewController.xib */ = {isa = PBXFileReference; fileEncoding = 4; lastKnownFileType = file.xib; name = DTSTripEventDetailsViewController.xib; path = TripEvents/DTSTripEventDetailsViewController.xib; sourceTree = "<group>"; };
		F99EBA0A1A1E563700290D8A /* DTSEventDetailsInfoTableViewCell.h */ = {isa = PBXFileReference; fileEncoding = 4; lastKnownFileType = sourcecode.c.h; name = DTSEventDetailsInfoTableViewCell.h; path = TripEvents/DTSEventDetailsInfoTableViewCell.h; sourceTree = "<group>"; };
		F99EBA0B1A1E563700290D8A /* DTSEventDetailsInfoTableViewCell.m */ = {isa = PBXFileReference; fileEncoding = 4; lastKnownFileType = sourcecode.c.objc; name = DTSEventDetailsInfoTableViewCell.m; path = TripEvents/DTSEventDetailsInfoTableViewCell.m; sourceTree = "<group>"; };
		F99EBA0C1A1E563700290D8A /* DTSEventDetailsInfoTableViewCell.xib */ = {isa = PBXFileReference; fileEncoding = 4; lastKnownFileType = file.xib; name = DTSEventDetailsInfoTableViewCell.xib; path = TripEvents/DTSEventDetailsInfoTableViewCell.xib; sourceTree = "<group>"; };
		F9A6EF081984556300562957 /* DTSAddEventDelegate.h */ = {isa = PBXFileReference; fileEncoding = 4; lastKnownFileType = sourcecode.c.h; path = DTSAddEventDelegate.h; sourceTree = "<group>"; };
		F9A6EF091984596300562957 /* DTSTripDetailsViewControllerProtocol.h */ = {isa = PBXFileReference; fileEncoding = 4; lastKnownFileType = sourcecode.c.h; path = DTSTripDetailsViewControllerProtocol.h; sourceTree = "<group>"; };
		F9B3F73D19F0AF2A00BC6052 /* DTSTripDetailsMapViewController.h */ = {isa = PBXFileReference; fileEncoding = 4; lastKnownFileType = sourcecode.c.h; name = DTSTripDetailsMapViewController.h; path = TripMap/DTSTripDetailsMapViewController.h; sourceTree = "<group>"; };
		F9B3F73E19F0AF2A00BC6052 /* DTSTripDetailsMapViewController.m */ = {isa = PBXFileReference; fileEncoding = 4; lastKnownFileType = sourcecode.c.objc; name = DTSTripDetailsMapViewController.m; path = TripMap/DTSTripDetailsMapViewController.m; sourceTree = "<group>"; };
		F9B3F73F19F0AF2A00BC6052 /* DTSTripDetailsMapViewController.xib */ = {isa = PBXFileReference; fileEncoding = 4; lastKnownFileType = file.xib; name = DTSTripDetailsMapViewController.xib; path = TripMap/DTSTripDetailsMapViewController.xib; sourceTree = "<group>"; };
		F9B44F8019F20DE500321E2C /* HMSegmentedControl.h */ = {isa = PBXFileReference; fileEncoding = 4; lastKnownFileType = sourcecode.c.h; path = HMSegmentedControl.h; sourceTree = "<group>"; };
		F9B44F8119F20DE500321E2C /* HMSegmentedControl.m */ = {isa = PBXFileReference; fileEncoding = 4; lastKnownFileType = sourcecode.c.objc; path = HMSegmentedControl.m; sourceTree = "<group>"; };
		F9B44F8319F323E300321E2C /* DTSViewLayoutProtocol.h */ = {isa = PBXFileReference; fileEncoding = 4; lastKnownFileType = sourcecode.c.h; path = DTSViewLayoutProtocol.h; sourceTree = "<group>"; };
		F9B44F8419F3386F00321E2C /* DTSMKPolyLine.h */ = {isa = PBXFileReference; fileEncoding = 4; lastKnownFileType = sourcecode.c.h; name = DTSMKPolyLine.h; path = TripMap/DTSMKPolyLine.h; sourceTree = "<group>"; };
		F9B44F8519F3386F00321E2C /* DTSMKPolyLine.m */ = {isa = PBXFileReference; fileEncoding = 4; lastKnownFileType = sourcecode.c.objc; name = DTSMKPolyLine.m; path = TripMap/DTSMKPolyLine.m; sourceTree = "<group>"; };
		F9B44F8819F3922200321E2C /* TGLExposedLayout.h */ = {isa = PBXFileReference; fileEncoding = 4; lastKnownFileType = sourcecode.c.h; path = TGLExposedLayout.h; sourceTree = "<group>"; };
		F9B44F8919F3922200321E2C /* TGLExposedLayout.m */ = {isa = PBXFileReference; fileEncoding = 4; lastKnownFileType = sourcecode.c.objc; path = TGLExposedLayout.m; sourceTree = "<group>"; };
		F9B44F8A19F3922200321E2C /* TGLStackedLayout.h */ = {isa = PBXFileReference; fileEncoding = 4; lastKnownFileType = sourcecode.c.h; path = TGLStackedLayout.h; sourceTree = "<group>"; };
		F9B44F8B19F3922200321E2C /* TGLStackedLayout.m */ = {isa = PBXFileReference; fileEncoding = 4; lastKnownFileType = sourcecode.c.objc; path = TGLStackedLayout.m; sourceTree = "<group>"; };
		F9B44F8C19F3922200321E2C /* TGLStackedViewController.h */ = {isa = PBXFileReference; fileEncoding = 4; lastKnownFileType = sourcecode.c.h; path = TGLStackedViewController.h; sourceTree = "<group>"; };
		F9B44F8D19F3922200321E2C /* TGLStackedViewController.m */ = {isa = PBXFileReference; fileEncoding = 4; lastKnownFileType = sourcecode.c.objc; path = TGLStackedViewController.m; sourceTree = "<group>"; };
		F9B44F9219F3929D00321E2C /* DTSTripEventsViewController.h */ = {isa = PBXFileReference; fileEncoding = 4; lastKnownFileType = sourcecode.c.h; name = DTSTripEventsViewController.h; path = TripEvents/DTSTripEventsViewController.h; sourceTree = "<group>"; };
		F9B44F9319F3929D00321E2C /* DTSTripEventsViewController.m */ = {isa = PBXFileReference; fileEncoding = 4; lastKnownFileType = sourcecode.c.objc; name = DTSTripEventsViewController.m; path = TripEvents/DTSTripEventsViewController.m; sourceTree = "<group>"; };
		F9B44F9519F397D900321E2C /* DTSTripDetailsProtocol.h */ = {isa = PBXFileReference; fileEncoding = 4; lastKnownFileType = sourcecode.c.h; path = DTSTripDetailsProtocol.h; sourceTree = "<group>"; };
		F9B44F9619F3A3D500321E2C /* DTSTripEventsCollectionViewCell.h */ = {isa = PBXFileReference; fileEncoding = 4; lastKnownFileType = sourcecode.c.h; name = DTSTripEventsCollectionViewCell.h; path = TripEvents/DTSTripEventsCollectionViewCell.h; sourceTree = "<group>"; };
		F9B44F9719F3A3D500321E2C /* DTSTripEventsCollectionViewCell.m */ = {isa = PBXFileReference; fileEncoding = 4; lastKnownFileType = sourcecode.c.objc; name = DTSTripEventsCollectionViewCell.m; path = TripEvents/DTSTripEventsCollectionViewCell.m; sourceTree = "<group>"; };
		F9B44F9919F474B200321E2C /* DTSCollectionCardCellDelegate.h */ = {isa = PBXFileReference; fileEncoding = 4; lastKnownFileType = sourcecode.c.h; path = DTSCollectionCardCellDelegate.h; sourceTree = "<group>"; };
		F9B44F9A19F476A100321E2C /* DTSCollectionCardsViewControllerProtocol.h */ = {isa = PBXFileReference; fileEncoding = 4; lastKnownFileType = sourcecode.c.h; path = DTSCollectionCardsViewControllerProtocol.h; sourceTree = "<group>"; };
		F9BBF9551AA774850076CD78 /* DTSUserAuthHelper.h */ = {isa = PBXFileReference; fileEncoding = 4; lastKnownFileType = sourcecode.c.h; name = DTSUserAuthHelper.h; path = UserAuth/DTSUserAuthHelper.h; sourceTree = "<group>"; };
		F9BBF9561AA774850076CD78 /* DTSUserAuthHelper.m */ = {isa = PBXFileReference; fileEncoding = 4; lastKnownFileType = sourcecode.c.objc; name = DTSUserAuthHelper.m; path = UserAuth/DTSUserAuthHelper.m; sourceTree = "<group>"; };
		F9BEC13A19B398A800622CC9 /* airplane21.png */ = {isa = PBXFileReference; lastKnownFileType = image.png; path = airplane21.png; sourceTree = "<group>"; };
		F9BEC13B19B398A800622CC9 /* boat17.png */ = {isa = PBXFileReference; lastKnownFileType = image.png; path = boat17.png; sourceTree = "<group>"; };
		F9BEC13C19B398A800622CC9 /* car88.png */ = {isa = PBXFileReference; lastKnownFileType = image.png; path = car88.png; sourceTree = "<group>"; };
		F9BEC14019B39E9500622CC9 /* sailboat.png */ = {isa = PBXFileReference; lastKnownFileType = image.png; path = sailboat.png; sourceTree = "<group>"; };
		F9BEC14219B39EFC00622CC9 /* sailing7.png */ = {isa = PBXFileReference; lastKnownFileType = image.png; path = sailing7.png; sourceTree = "<group>"; };
		F9BEC14419B39FB500622CC9 /* sailing8.png */ = {isa = PBXFileReference; lastKnownFileType = image.png; path = sailing8.png; sourceTree = "<group>"; };
		F9BEC14619B3A17100622CC9 /* paralympic17.png */ = {isa = PBXFileReference; lastKnownFileType = image.png; path = paralympic17.png; sourceTree = "<group>"; };
		F9BEC14819B3A22300622CC9 /* anchor2.png */ = {isa = PBXFileReference; lastKnownFileType = image.png; path = anchor2.png; sourceTree = "<group>"; };
		F9BEC14A19B3A42100622CC9 /* waterTravel.png */ = {isa = PBXFileReference; lastKnownFileType = image.png; path = waterTravel.png; sourceTree = "<group>"; };
		F9EA06571AA57F99007573EC /* LaunchScreen.xib */ = {isa = PBXFileReference; fileEncoding = 4; lastKnownFileType = file.xib; name = LaunchScreen.xib; path = LaunchScreen/LaunchScreen.xib; sourceTree = "<group>"; };
		F9F012E619B522CF00176944 /* MagicPieLayer.h */ = {isa = PBXFileReference; fileEncoding = 4; lastKnownFileType = sourcecode.c.h; path = MagicPieLayer.h; sourceTree = "<group>"; };
		F9F012E719B522CF00176944 /* NSMutableArray+pieEx.h */ = {isa = PBXFileReference; fileEncoding = 4; lastKnownFileType = sourcecode.c.h; path = "NSMutableArray+pieEx.h"; sourceTree = "<group>"; };
		F9F012E819B522CF00176944 /* NSMutableArray+pieEx.m */ = {isa = PBXFileReference; fileEncoding = 4; lastKnownFileType = sourcecode.c.objc; path = "NSMutableArray+pieEx.m"; sourceTree = "<group>"; };
		F9F012E919B522CF00176944 /* PieElement.h */ = {isa = PBXFileReference; fileEncoding = 4; lastKnownFileType = sourcecode.c.h; path = PieElement.h; sourceTree = "<group>"; };
		F9F012EA19B522CF00176944 /* PieElement.m */ = {isa = PBXFileReference; fileEncoding = 4; lastKnownFileType = sourcecode.c.objc; path = PieElement.m; sourceTree = "<group>"; };
		F9F012EB19B522CF00176944 /* PieLayer.h */ = {isa = PBXFileReference; fileEncoding = 4; lastKnownFileType = sourcecode.c.h; path = PieLayer.h; sourceTree = "<group>"; };
		F9F012EC19B522CF00176944 /* PieLayer.m */ = {isa = PBXFileReference; fileEncoding = 4; lastKnownFileType = sourcecode.c.objc; path = PieLayer.m; sourceTree = "<group>"; };
		F9F012F119B524D900176944 /* DTSTripStoryHeaderView.h */ = {isa = PBXFileReference; fileEncoding = 4; lastKnownFileType = sourcecode.c.h; path = DTSTripStoryHeaderView.h; sourceTree = "<group>"; };
		F9F012F219B524D900176944 /* DTSTripStoryHeaderView.m */ = {isa = PBXFileReference; fileEncoding = 4; lastKnownFileType = sourcecode.c.objc; path = DTSTripStoryHeaderView.m; sourceTree = "<group>"; };
		F9F012F419B5251A00176944 /* DTSTripStoryHeaderView.xib */ = {isa = PBXFileReference; fileEncoding = 4; lastKnownFileType = file.xib; path = DTSTripStoryHeaderView.xib; sourceTree = "<group>"; };
		F9F05D371AA15D44002C4A42 /* DTSPlacemark.h */ = {isa = PBXFileReference; fileEncoding = 4; lastKnownFileType = sourcecode.c.h; path = DTSPlacemark.h; sourceTree = "<group>"; };
		F9F05D381AA15D44002C4A42 /* DTSPlacemark.m */ = {isa = PBXFileReference; fileEncoding = 4; lastKnownFileType = sourcecode.c.objc; path = DTSPlacemark.m; sourceTree = "<group>"; };
		F9F05D3B1AA176DC002C4A42 /* DTSListOfTripsCollectionViewController.h */ = {isa = PBXFileReference; fileEncoding = 4; lastKnownFileType = sourcecode.c.h; name = DTSListOfTripsCollectionViewController.h; path = ListOfTrips/DTSListOfTripsCollectionViewController.h; sourceTree = "<group>"; };
		F9F05D3C1AA176DC002C4A42 /* DTSListOfTripsCollectionViewController.m */ = {isa = PBXFileReference; fileEncoding = 4; lastKnownFileType = sourcecode.c.objc; name = DTSListOfTripsCollectionViewController.m; path = ListOfTrips/DTSListOfTripsCollectionViewController.m; sourceTree = "<group>"; };
		F9F05D3F1AA18F43002C4A42 /* NSObject+DTSAdditions.h */ = {isa = PBXFileReference; fileEncoding = 4; lastKnownFileType = sourcecode.c.h; path = "NSObject+DTSAdditions.h"; sourceTree = "<group>"; };
		F9F05D401AA18F43002C4A42 /* NSObject+DTSAdditions.m */ = {isa = PBXFileReference; fileEncoding = 4; lastKnownFileType = sourcecode.c.objc; path = "NSObject+DTSAdditions.m"; sourceTree = "<group>"; };
		F9F05D421AA23AC1002C4A42 /* DTSTripCollectionViewCell.h */ = {isa = PBXFileReference; fileEncoding = 4; lastKnownFileType = sourcecode.c.h; name = DTSTripCollectionViewCell.h; path = ListOfTrips/DTSTripCollectionViewCell.h; sourceTree = "<group>"; };
		F9F05D431AA23AC1002C4A42 /* DTSTripCollectionViewCell.m */ = {isa = PBXFileReference; fileEncoding = 4; lastKnownFileType = sourcecode.c.objc; name = DTSTripCollectionViewCell.m; path = ListOfTrips/DTSTripCollectionViewCell.m; sourceTree = "<group>"; };
		F9F05D451AA23AFF002C4A42 /* DTSTripCollectionViewCell.xib */ = {isa = PBXFileReference; fileEncoding = 4; lastKnownFileType = file.xib; name = DTSTripCollectionViewCell.xib; path = ListOfTrips/DTSTripCollectionViewCell.xib; sourceTree = "<group>"; };
		F9F92572197B148400D92941 /* DTSEventPickerEntryTableViewCell.h */ = {isa = PBXFileReference; fileEncoding = 4; lastKnownFileType = sourcecode.c.h; path = DTSEventPickerEntryTableViewCell.h; sourceTree = "<group>"; };
		F9F92573197B148400D92941 /* DTSEventPickerEntryTableViewCell.m */ = {isa = PBXFileReference; fileEncoding = 4; lastKnownFileType = sourcecode.c.objc; path = DTSEventPickerEntryTableViewCell.m; sourceTree = "<group>"; };
		F9F92574197B148400D92941 /* DTSEventPickerEntryTableViewCell.xib */ = {isa = PBXFileReference; fileEncoding = 4; lastKnownFileType = file.xib; path = DTSEventPickerEntryTableViewCell.xib; sourceTree = "<group>"; };
		F9F92577197C3FF800D92941 /* NSString+Utilities.h */ = {isa = PBXFileReference; fileEncoding = 4; lastKnownFileType = sourcecode.c.h; path = "NSString+Utilities.h"; sourceTree = "<group>"; };
		F9F92578197C3FF800D92941 /* NSString+Utilities.m */ = {isa = PBXFileReference; fileEncoding = 4; lastKnownFileType = sourcecode.c.objc; path = "NSString+Utilities.m"; sourceTree = "<group>"; };
/* End PBXFileReference section */

/* Begin PBXFrameworksBuildPhase section */
		F95814F91964850B002207A3 /* Frameworks */ = {
			isa = PBXFrameworksBuildPhase;
			buildActionMask = 2147483647;
			files = (
				F91CBD3C1981D7FC00BC3021 /* MapKit.framework in Frameworks */,
				F95815021964850B002207A3 /* CoreGraphics.framework in Frameworks */,
				F95815041964850B002207A3 /* UIKit.framework in Frameworks */,
				F95815001964850B002207A3 /* Foundation.framework in Frameworks */,
				C0D68BA0E9CDAD5460ED53F9 /* libPods.a in Frameworks */,
			);
			runOnlyForDeploymentPostprocessing = 0;
		};
		F958151D1964850B002207A3 /* Frameworks */ = {
			isa = PBXFrameworksBuildPhase;
			buildActionMask = 2147483647;
			files = (
				F95815221964850B002207A3 /* XCTest.framework in Frameworks */,
				F95815241964850B002207A3 /* UIKit.framework in Frameworks */,
				F95815231964850B002207A3 /* Foundation.framework in Frameworks */,
			);
			runOnlyForDeploymentPostprocessing = 0;
		};
/* End PBXFrameworksBuildPhase section */

/* Begin PBXGroup section */
		3AB186AE3684639817914C0A /* Pods */ = {
			isa = PBXGroup;
			children = (
				A633479BEFA6D59961C6DFCB /* Pods.debug.xcconfig */,
				75582DF559755091FEAA98D5 /* Pods.release.xcconfig */,
			);
			name = Pods;
			sourceTree = "<group>";
		};
		F90CEE7B19932F9F002E9CE9 /* Images */ = {
			isa = PBXGroup;
			children = (
				F96B21091AB362AA009CC03E /* tabbarIcons */,
				F9BEC14A19B3A42100622CC9 /* waterTravel.png */,
				F9BEC14819B3A22300622CC9 /* anchor2.png */,
				F9BEC14619B3A17100622CC9 /* paralympic17.png */,
				F9BEC14419B39FB500622CC9 /* sailing8.png */,
				F9BEC14219B39EFC00622CC9 /* sailing7.png */,
				F9BEC14019B39E9500622CC9 /* sailboat.png */,
				F9BEC13A19B398A800622CC9 /* airplane21.png */,
				F9BEC13B19B398A800622CC9 /* boat17.png */,
				F9BEC13C19B398A800622CC9 /* car88.png */,
			);
			path = Images;
			sourceTree = "<group>";
		};
		F948C7DB1978693B000A2A3B /* TripEventsEntry */ = {
			isa = PBXGroup;
			children = (
				F948C7DC19786D21000A2A3B /* DTSEventsEntryTableViewController.h */,
				F948C7DD19786D21000A2A3B /* DTSEventsEntryTableViewController.m */,
				F948C7E719789643000A2A3B /* DTSEventTextEntryTableViewCell.h */,
				F948C7E819789643000A2A3B /* DTSEventTextEntryTableViewCell.m */,
				F948C7E919789643000A2A3B /* DTSEventTextEntryTableViewCell.xib */,
				F948C7EE1979EC95000A2A3B /* DTSEventDateEntryTableViewCell.h */,
				F948C7EF1979EC95000A2A3B /* DTSEventDateEntryTableViewCell.m */,
				F948C7F01979EC95000A2A3B /* DTSEventDateEntryTableViewCell.xib */,
				F9F92572197B148400D92941 /* DTSEventPickerEntryTableViewCell.h */,
				F9F92573197B148400D92941 /* DTSEventPickerEntryTableViewCell.m */,
				F9F92574197B148400D92941 /* DTSEventPickerEntryTableViewCell.xib */,
				F91CBD2F197EFDAD00BC3021 /* DTSLocationEntryViewController.h */,
				F91CBD30197EFDAD00BC3021 /* DTSLocationEntryViewController.m */,
				F91CBD391981C23400BC3021 /* DTSLocationEntryViewController.xib */,
				F91CBD341981B82700BC3021 /* DTSEventLocationEntryTableViewCell.h */,
				F91CBD351981B82700BC3021 /* DTSEventLocationEntryTableViewCell.m */,
				F91CBD361981B82700BC3021 /* DTSEventLocationEntryTableViewCell.xib */,
			);
			path = TripEventsEntry;
			sourceTree = "<group>";
		};
		F948C7E2197879F6000A2A3B /* Protocols */ = {
			isa = PBXGroup;
			children = (
				F948C7E319787A24000A2A3B /* DTSModalDismissProtocol.h */,
				F948C7ED1979CF17000A2A3B /* DTSEntryTableViewCellDelegate.h */,
				F9A6EF081984556300562957 /* DTSAddEventDelegate.h */,
				F9A6EF091984596300562957 /* DTSTripDetailsViewControllerProtocol.h */,
				F96BB05C19854389009C0A1F /* DTSTripDetailsContainerDelegate.h */,
				F90CEE7A19931BB2002E9CE9 /* DTSTableViewCellParallaxProtocol.h */,
				F9B44F8319F323E300321E2C /* DTSViewLayoutProtocol.h */,
				F9B44F9519F397D900321E2C /* DTSTripDetailsProtocol.h */,
				F9B44F9919F474B200321E2C /* DTSCollectionCardCellDelegate.h */,
				F9B44F9A19F476A100321E2C /* DTSCollectionCardsViewControllerProtocol.h */,
			);
			path = Protocols;
			sourceTree = "<group>";
		};
		F954E7561964CA5A003A0B72 /* UserInterface */ = {
			isa = PBXGroup;
			children = (
				F96B21051AB2A69F009CC03E /* RootVC */,
				F9F05D3A1AA16743002C4A42 /* ListOfTrips */,
				F9B44F9119F3924500321E2C /* TripEvents */,
				F9B3F73C19F0AEA200BC6052 /* TripMap */,
				F9F012E519B522CF00176944 /* MagicPieLayer */,
				F948C7DB1978693B000A2A3B /* TripEventsEntry */,
				F954E7651964CB88003A0B72 /* General */,
				F954E7571964CA5A003A0B72 /* DTSAppDelegate.h */,
				F954E7581964CA5A003A0B72 /* DTSAppDelegate.m */,
				F954E7591964CA5A003A0B72 /* TripDetails */,
				F954E75D1964CA5A003A0B72 /* TripStory */,
			);
			path = UserInterface;
			sourceTree = "<group>";
		};
		F954E7591964CA5A003A0B72 /* TripDetails */ = {
			isa = PBXGroup;
			children = (
				F954E75A1964CA5A003A0B72 /* DTSTripDetailsViewController.h */,
				F954E75B1964CA5A003A0B72 /* DTSTripDetailsViewController.m */,
			);
			path = TripDetails;
			sourceTree = "<group>";
		};
		F954E75D1964CA5A003A0B72 /* TripStory */ = {
			isa = PBXGroup;
			children = (
				F954E7601964CAA1003A0B72 /* DTSTripStoryTableViewController.h */,
				F954E7611964CAA1003A0B72 /* DTSTripStoryTableViewController.m */,
				F954E77419660CE0003A0B72 /* DTSTripStoryEventActivityCell.h */,
				F954E77519660CE0003A0B72 /* DTSTripStoryEventActivityCell.m */,
				F954E77619660CE0003A0B72 /* DTSTripStoryEventActivityCell.xib */,
				F954E7791966410F003A0B72 /* DTSTripStoryEventGeneralCell.h */,
				F954E77A1966410F003A0B72 /* DTSTripStoryEventGeneralCell.m */,
				F954E77B1966410F003A0B72 /* DTSTripStoryEventGeneralCell.xib */,
				F9F012F119B524D900176944 /* DTSTripStoryHeaderView.h */,
				F9F012F219B524D900176944 /* DTSTripStoryHeaderView.m */,
				F9F012F419B5251A00176944 /* DTSTripStoryHeaderView.xib */,
			);
			path = TripStory;
			sourceTree = "<group>";
		};
		F954E7631964CB61003A0B72 /* Infrastructure */ = {
			isa = PBXGroup;
			children = (
				F9B44F8719F3922200321E2C /* TGLStackedViewController */,
				F9B44F8019F20DE500321E2C /* HMSegmentedControl.h */,
				F9B44F8119F20DE500321E2C /* HMSegmentedControl.m */,
				F948C7DF197874A7000A2A3B /* UIImage+ImageEffects.h */,
				F948C7E0197874A7000A2A3B /* UIImage+ImageEffects.m */,
				F954E76C1965C22C003A0B72 /* NSDate+Utilities.h */,
				F954E76D1965C22C003A0B72 /* NSDate+Utilities.m */,
				F954E77E19664777003A0B72 /* UIColor+Utilities.h */,
				F954E77F19664777003A0B72 /* UIColor+Utilities.m */,
				F954E78119664967003A0B72 /* UIView+Utilities.h */,
				F954E78219664967003A0B72 /* UIView+Utilities.m */,
				F948C7E4197883F1000A2A3B /* UIViewController+Utilities.h */,
				F948C7E5197883F1000A2A3B /* UIViewController+Utilities.m */,
				F9F92577197C3FF800D92941 /* NSString+Utilities.h */,
				F9F92578197C3FF800D92941 /* NSString+Utilities.m */,
				F9F05D3F1AA18F43002C4A42 /* NSObject+DTSAdditions.h */,
				F9F05D401AA18F43002C4A42 /* NSObject+DTSAdditions.m */,
				F96B212A1AB37B8B009CC03E /* UIViewController+DTSEmptyBackButton.h */,
				F96B212B1AB37B8B009CC03E /* UIViewController+DTSEmptyBackButton.m */,
			);
			path = Infrastructure;
			sourceTree = "<group>";
		};
		F954E7641964CB61003A0B72 /* Model */ = {
			isa = PBXGroup;
			children = (
				F954E7661965AAF2003A0B72 /* DTSEvent.h */,
				F954E7671965AAF2003A0B72 /* DTSEvent.m */,
				F954E7691965AC0A003A0B72 /* DTSLocation.h */,
				F954E76A1965AC0A003A0B72 /* DTSLocation.m */,
				F99712651971D07E00F2F8FA /* DTSTrip.h */,
				F99712661971D07E00F2F8FA /* DTSTrip.m */,
				F9F05D371AA15D44002C4A42 /* DTSPlacemark.h */,
				F9F05D381AA15D44002C4A42 /* DTSPlacemark.m */,
				F96B20FF1AB297FA009CC03E /* DTSActivity.h */,
				F96B21001AB297FA009CC03E /* DTSActivity.m */,
				F96B21021AB29BA6009CC03E /* DTSUser.h */,
				F96B21031AB29BA6009CC03E /* DTSUser.m */,
			);
			path = Model;
			sourceTree = "<group>";
		};
		F954E7651964CB88003A0B72 /* General */ = {
			isa = PBXGroup;
			children = (
			);
			path = General;
			sourceTree = "<group>";
		};
		F95814F31964850B002207A3 = {
			isa = PBXGroup;
			children = (
				F95815051964850B002207A3 /* Trip Story */,
				F95814FE1964850B002207A3 /* Frameworks */,
				F95814FD1964850B002207A3 /* Products */,
				3AB186AE3684639817914C0A /* Pods */,
			);
			sourceTree = "<group>";
		};
		F95814FD1964850B002207A3 /* Products */ = {
			isa = PBXGroup;
			children = (
				F95814FC1964850B002207A3 /* Trip Story.app */,
				F95815201964850B002207A3 /* Trip StoryTests.xctest */,
			);
			name = Products;
			sourceTree = "<group>";
		};
		F95814FE1964850B002207A3 /* Frameworks */ = {
			isa = PBXGroup;
			children = (
				F91CBD3B1981D7FC00BC3021 /* MapKit.framework */,
				F95814FF1964850B002207A3 /* Foundation.framework */,
				F95815011964850B002207A3 /* CoreGraphics.framework */,
				F95815031964850B002207A3 /* UIKit.framework */,
				F95815211964850B002207A3 /* XCTest.framework */,
				5E3D228BB7DE78C1AEC24A25 /* libPods.a */,
			);
			name = Frameworks;
			sourceTree = "<group>";
		};
		F95815051964850B002207A3 /* Trip Story */ = {
			isa = PBXGroup;
			children = (
				F9BBF9541AA774130076CD78 /* UserAuth */,
				F9EA06561AA57F6E007573EC /* LaunchScreen */,
				F90CEE7B19932F9F002E9CE9 /* Images */,
				F948C7E2197879F6000A2A3B /* Protocols */,
				F954E7631964CB61003A0B72 /* Infrastructure */,
				F954E7641964CB61003A0B72 /* Model */,
				F954E7561964CA5A003A0B72 /* UserInterface */,
				F958151A1964850B002207A3 /* Images.xcassets */,
				F95815061964850B002207A3 /* Supporting Files */,
			);
			path = "Trip Story";
			sourceTree = "<group>";
		};
		F95815061964850B002207A3 /* Supporting Files */ = {
			isa = PBXGroup;
			children = (
				F95815071964850B002207A3 /* Trip Story-Info.plist */,
				F95815081964850B002207A3 /* InfoPlist.strings */,
				F958150B1964850B002207A3 /* main.m */,
				F958150D1964850B002207A3 /* Trip Story-Prefix.pch */,
			);
			name = "Supporting Files";
			sourceTree = "<group>";
		};
		F96B21051AB2A69F009CC03E /* RootVC */ = {
			isa = PBXGroup;
			children = (
				F96B21061AB3564B009CC03E /* DTSRootViewController.h */,
				F96B21071AB3564B009CC03E /* DTSRootViewController.m */,
			);
			name = RootVC;
			sourceTree = "<group>";
		};
		F96B21091AB362AA009CC03E /* tabbarIcons */ = {
			isa = PBXGroup;
			children = (
				F96B21351AB389E7009CC03E /* addTrip@2x.png */,
				F96B21361AB389E7009CC03E /* addTrip@3x.png */,
				F96B21371AB389E7009CC03E /* edit@2x.png */,
				F96B21381AB389E7009CC03E /* edit@3x.png */,
				F96B21391AB389E7009CC03E /* explore@2x.png */,
				F96B213A1AB389E7009CC03E /* explore@3x.png */,
				F96B213B1AB389E7009CC03E /* users@2x.png */,
				F96B213C1AB389E7009CC03E /* users@3x.png */,
				F96B212D1AB38524009CC03E /* addTrip.png */,
				F96B212E1AB38524009CC03E /* edit.png */,
				F96B212F1AB38524009CC03E /* explore.png */,
				F96B21301AB38524009CC03E /* users.png */,
				F96B210A1AB362AA009CC03E /* 1-selected.png */,
				F96B210B1AB362AA009CC03E /* 1-selected@2x.png */,
				F96B210C1AB362AA009CC03E /* 1.png */,
				F96B210D1AB362AA009CC03E /* 1@2x.png */,
				F96B210E1AB362AA009CC03E /* 2-selected.png */,
				F96B210F1AB362AA009CC03E /* 2-selected@2x.png */,
				F96B21101AB362AA009CC03E /* 2.png */,
				F96B21111AB362AA009CC03E /* 2@2x.png */,
				F96B21121AB362AA009CC03E /* 3-selected.png */,
				F96B21131AB362AA009CC03E /* 3-selected@2x.png */,
				F96B21141AB362AA009CC03E /* 3.png */,
				F96B21151AB362AA009CC03E /* 3@2x.png */,
				F96B21161AB362AA009CC03E /* 4-selected.png */,
				F96B21171AB362AA009CC03E /* 4-selected@2x.png */,
				F96B21181AB362AA009CC03E /* 4.png */,
				F96B21191AB362AA009CC03E /* 4@2x.png */,
			);
			path = tabbarIcons;
			sourceTree = "<group>";
		};
		F9B3F73C19F0AEA200BC6052 /* TripMap */ = {
			isa = PBXGroup;
			children = (
				F9B3F73D19F0AF2A00BC6052 /* DTSTripDetailsMapViewController.h */,
				F9B3F73E19F0AF2A00BC6052 /* DTSTripDetailsMapViewController.m */,
				F9B3F73F19F0AF2A00BC6052 /* DTSTripDetailsMapViewController.xib */,
				F9B44F8419F3386F00321E2C /* DTSMKPolyLine.h */,
				F9B44F8519F3386F00321E2C /* DTSMKPolyLine.m */,
			);
			name = TripMap;
			sourceTree = "<group>";
		};
		F9B44F8719F3922200321E2C /* TGLStackedViewController */ = {
			isa = PBXGroup;
			children = (
				F9B44F8819F3922200321E2C /* TGLExposedLayout.h */,
				F9B44F8919F3922200321E2C /* TGLExposedLayout.m */,
				F9B44F8A19F3922200321E2C /* TGLStackedLayout.h */,
				F9B44F8B19F3922200321E2C /* TGLStackedLayout.m */,
				F9B44F8C19F3922200321E2C /* TGLStackedViewController.h */,
				F9B44F8D19F3922200321E2C /* TGLStackedViewController.m */,
			);
			path = TGLStackedViewController;
			sourceTree = "<group>";
		};
		F9B44F9119F3924500321E2C /* TripEvents */ = {
			isa = PBXGroup;
			children = (
				F9B44F9619F3A3D500321E2C /* DTSTripEventsCollectionViewCell.h */,
				F9B44F9719F3A3D500321E2C /* DTSTripEventsCollectionViewCell.m */,
				F9B44F9219F3929D00321E2C /* DTSTripEventsViewController.h */,
				F9B44F9319F3929D00321E2C /* DTSTripEventsViewController.m */,
				F99EBA051A1DBC3700290D8A /* DTSTripEventDetailsViewController.h */,
				F99EBA061A1DBC3700290D8A /* DTSTripEventDetailsViewController.m */,
				F99EBA071A1DBC3700290D8A /* DTSTripEventDetailsViewController.xib */,
				F99EBA0A1A1E563700290D8A /* DTSEventDetailsInfoTableViewCell.h */,
				F99EBA0B1A1E563700290D8A /* DTSEventDetailsInfoTableViewCell.m */,
				F99EBA0C1A1E563700290D8A /* DTSEventDetailsInfoTableViewCell.xib */,
			);
			name = TripEvents;
			sourceTree = "<group>";
		};
		F9BBF9541AA774130076CD78 /* UserAuth */ = {
			isa = PBXGroup;
			children = (
				F9BBF9551AA774850076CD78 /* DTSUserAuthHelper.h */,
				F9BBF9561AA774850076CD78 /* DTSUserAuthHelper.m */,
			);
			name = UserAuth;
			sourceTree = "<group>";
		};
		F9EA06561AA57F6E007573EC /* LaunchScreen */ = {
			isa = PBXGroup;
			children = (
				F9EA06571AA57F99007573EC /* LaunchScreen.xib */,
			);
			name = LaunchScreen;
			sourceTree = "<group>";
		};
		F9F012E519B522CF00176944 /* MagicPieLayer */ = {
			isa = PBXGroup;
			children = (
				F9F012E619B522CF00176944 /* MagicPieLayer.h */,
				F9F012E719B522CF00176944 /* NSMutableArray+pieEx.h */,
				F9F012E819B522CF00176944 /* NSMutableArray+pieEx.m */,
				F9F012E919B522CF00176944 /* PieElement.h */,
				F9F012EA19B522CF00176944 /* PieElement.m */,
				F9F012EB19B522CF00176944 /* PieLayer.h */,
				F9F012EC19B522CF00176944 /* PieLayer.m */,
			);
			path = MagicPieLayer;
			sourceTree = "<group>";
		};
		F9F05D3A1AA16743002C4A42 /* ListOfTrips */ = {
			isa = PBXGroup;
			children = (
				F9F05D3B1AA176DC002C4A42 /* DTSListOfTripsCollectionViewController.h */,
				F9F05D3C1AA176DC002C4A42 /* DTSListOfTripsCollectionViewController.m */,
				F9F05D421AA23AC1002C4A42 /* DTSTripCollectionViewCell.h */,
				F9F05D431AA23AC1002C4A42 /* DTSTripCollectionViewCell.m */,
				F9F05D451AA23AFF002C4A42 /* DTSTripCollectionViewCell.xib */,
			);
			name = ListOfTrips;
			sourceTree = "<group>";
		};
/* End PBXGroup section */

/* Begin PBXNativeTarget section */
		F95814FB1964850B002207A3 /* Trip Story */ = {
			isa = PBXNativeTarget;
			buildConfigurationList = F95815311964850B002207A3 /* Build configuration list for PBXNativeTarget "Trip Story" */;
			buildPhases = (
				90A71373D154E4B8836AA27D /* Check Pods Manifest.lock */,
				F95814F81964850B002207A3 /* Sources */,
				F95814F91964850B002207A3 /* Frameworks */,
				F95814FA1964850B002207A3 /* Resources */,
				F3A9D86473421DB75B623D21 /* Copy Pods Resources */,
			);
			buildRules = (
			);
			dependencies = (
			);
			name = "Trip Story";
			productName = "Trip Story";
			productReference = F95814FC1964850B002207A3 /* Trip Story.app */;
			productType = "com.apple.product-type.application";
		};
		F958151F1964850B002207A3 /* Trip StoryTests */ = {
			isa = PBXNativeTarget;
			buildConfigurationList = F95815341964850B002207A3 /* Build configuration list for PBXNativeTarget "Trip StoryTests" */;
			buildPhases = (
				F958151C1964850B002207A3 /* Sources */,
				F958151D1964850B002207A3 /* Frameworks */,
				F958151E1964850B002207A3 /* Resources */,
			);
			buildRules = (
			);
			dependencies = (
				F95815261964850B002207A3 /* PBXTargetDependency */,
			);
			name = "Trip StoryTests";
			productName = "Trip StoryTests";
			productReference = F95815201964850B002207A3 /* Trip StoryTests.xctest */;
			productType = "com.apple.product-type.bundle.unit-test";
		};
/* End PBXNativeTarget section */

/* Begin PBXProject section */
		F95814F41964850B002207A3 /* Project object */ = {
			isa = PBXProject;
			attributes = {
				CLASSPREFIX = DTS;
				LastUpgradeCheck = 0510;
				ORGANIZATIONNAME = DKC;
				TargetAttributes = {
					F95814FB1964850B002207A3 = {
						DevelopmentTeam = 46TZ85ZB65;
					};
					F958151F1964850B002207A3 = {
						TestTargetID = F95814FB1964850B002207A3;
					};
				};
			};
			buildConfigurationList = F95814F71964850B002207A3 /* Build configuration list for PBXProject "Trip Story" */;
			compatibilityVersion = "Xcode 3.2";
			developmentRegion = English;
			hasScannedForEncodings = 0;
			knownRegions = (
				en,
				Base,
			);
			mainGroup = F95814F31964850B002207A3;
			productRefGroup = F95814FD1964850B002207A3 /* Products */;
			projectDirPath = "";
			projectRoot = "";
			targets = (
				F95814FB1964850B002207A3 /* Trip Story */,
				F958151F1964850B002207A3 /* Trip StoryTests */,
			);
		};
/* End PBXProject section */

/* Begin PBXResourcesBuildPhase section */
		F95814FA1964850B002207A3 /* Resources */ = {
			isa = PBXResourcesBuildPhase;
			buildActionMask = 2147483647;
			files = (
				F96B21251AB362AA009CC03E /* 3@2x.png in Resources */,
				F9F92576197B148400D92941 /* DTSEventPickerEntryTableViewCell.xib in Resources */,
				F96B21271AB362AA009CC03E /* 4-selected@2x.png in Resources */,
				F96B21281AB362AA009CC03E /* 4.png in Resources */,
				F99EBA0E1A1E563700290D8A /* DTSEventDetailsInfoTableViewCell.xib in Resources */,
				F96B213D1AB389E7009CC03E /* addTrip@2x.png in Resources */,
				F9BEC13E19B398A800622CC9 /* boat17.png in Resources */,
				F96B211B1AB362AA009CC03E /* 1-selected@2x.png in Resources */,
				F96B213E1AB389E7009CC03E /* addTrip@3x.png in Resources */,
				F91CBD381981B82700BC3021 /* DTSEventLocationEntryTableViewCell.xib in Resources */,
				F96B21241AB362AA009CC03E /* 3.png in Resources */,
				F96B213F1AB389E7009CC03E /* edit@2x.png in Resources */,
				F9EA06581AA57F99007573EC /* LaunchScreen.xib in Resources */,
				F96B211D1AB362AA009CC03E /* 1@2x.png in Resources */,
				F91CBD3A1981C23400BC3021 /* DTSLocationEntryViewController.xib in Resources */,
				F96B21421AB389E7009CC03E /* explore@3x.png in Resources */,
				F96B21401AB389E7009CC03E /* edit@3x.png in Resources */,
				F96B21201AB362AA009CC03E /* 2.png in Resources */,
				F9F012F519B5251A00176944 /* DTSTripStoryHeaderView.xib in Resources */,
				F96B21341AB38524009CC03E /* users.png in Resources */,
				F954E77D1966410F003A0B72 /* DTSTripStoryEventGeneralCell.xib in Resources */,
				F96B211E1AB362AA009CC03E /* 2-selected.png in Resources */,
				F96B21431AB389E7009CC03E /* users@2x.png in Resources */,
				F96B21261AB362AA009CC03E /* 4-selected.png in Resources */,
				F96B21291AB362AA009CC03E /* 4@2x.png in Resources */,
				F96B21411AB389E7009CC03E /* explore@2x.png in Resources */,
				F9BEC14319B39EFC00622CC9 /* sailing7.png in Resources */,
				F948C7F21979EC95000A2A3B /* DTSEventDateEntryTableViewCell.xib in Resources */,
				F948C7EB19789643000A2A3B /* DTSEventTextEntryTableViewCell.xib in Resources */,
				F99EBA091A1DBC3700290D8A /* DTSTripEventDetailsViewController.xib in Resources */,
				F9B3F74119F0AF2A00BC6052 /* DTSTripDetailsMapViewController.xib in Resources */,
				F96B21231AB362AA009CC03E /* 3-selected@2x.png in Resources */,
				F958151B1964850B002207A3 /* Images.xcassets in Resources */,
				F96B21221AB362AA009CC03E /* 3-selected.png in Resources */,
				F96B21311AB38524009CC03E /* addTrip.png in Resources */,
				F954E77819660CE0003A0B72 /* DTSTripStoryEventActivityCell.xib in Resources */,
				F9BEC14919B3A22300622CC9 /* anchor2.png in Resources */,
				F9BEC14519B39FB500622CC9 /* sailing8.png in Resources */,
				F96B21331AB38524009CC03E /* explore.png in Resources */,
				F96B211C1AB362AA009CC03E /* 1.png in Resources */,
				F96B21441AB389E7009CC03E /* users@3x.png in Resources */,
				F9BEC13D19B398A800622CC9 /* airplane21.png in Resources */,
				F96B21211AB362AA009CC03E /* 2@2x.png in Resources */,
				F9BEC14B19B3A42100622CC9 /* waterTravel.png in Resources */,
				F9BEC14119B39E9500622CC9 /* sailboat.png in Resources */,
				F96B21321AB38524009CC03E /* edit.png in Resources */,
				F96B211F1AB362AA009CC03E /* 2-selected@2x.png in Resources */,
				F9F05D461AA23AFF002C4A42 /* DTSTripCollectionViewCell.xib in Resources */,
				F9BEC14719B3A17100622CC9 /* paralympic17.png in Resources */,
				F9BEC13F19B398A800622CC9 /* car88.png in Resources */,
				F96B211A1AB362AA009CC03E /* 1-selected.png in Resources */,
				F958150A1964850B002207A3 /* InfoPlist.strings in Resources */,
			);
			runOnlyForDeploymentPostprocessing = 0;
		};
		F958151E1964850B002207A3 /* Resources */ = {
			isa = PBXResourcesBuildPhase;
			buildActionMask = 2147483647;
			files = (
			);
			runOnlyForDeploymentPostprocessing = 0;
		};
/* End PBXResourcesBuildPhase section */

/* Begin PBXShellScriptBuildPhase section */
		90A71373D154E4B8836AA27D /* Check Pods Manifest.lock */ = {
			isa = PBXShellScriptBuildPhase;
			buildActionMask = 2147483647;
			files = (
			);
			inputPaths = (
			);
			name = "Check Pods Manifest.lock";
			outputPaths = (
			);
			runOnlyForDeploymentPostprocessing = 0;
			shellPath = /bin/sh;
			shellScript = "diff \"${PODS_ROOT}/../Podfile.lock\" \"${PODS_ROOT}/Manifest.lock\" > /dev/null\nif [[ $? != 0 ]] ; then\n    cat << EOM\nerror: The sandbox is not in sync with the Podfile.lock. Run 'pod install' or update your CocoaPods installation.\nEOM\n    exit 1\nfi\n";
			showEnvVarsInLog = 0;
		};
		F3A9D86473421DB75B623D21 /* Copy Pods Resources */ = {
			isa = PBXShellScriptBuildPhase;
			buildActionMask = 2147483647;
			files = (
			);
			inputPaths = (
			);
			name = "Copy Pods Resources";
			outputPaths = (
			);
			runOnlyForDeploymentPostprocessing = 0;
			shellPath = /bin/sh;
			shellScript = "\"${SRCROOT}/Pods/Target Support Files/Pods/Pods-resources.sh\"\n";
			showEnvVarsInLog = 0;
		};
/* End PBXShellScriptBuildPhase section */

/* Begin PBXSourcesBuildPhase section */
		F95814F81964850B002207A3 /* Sources */ = {
			isa = PBXSourcesBuildPhase;
			buildActionMask = 2147483647;
			files = (
				F9B44F9019F3922200321E2C /* TGLStackedViewController.m in Sources */,
				F954E76B1965AC0A003A0B72 /* DTSLocation.m in Sources */,
				F954E75F1964CA5A003A0B72 /* DTSTripDetailsViewController.m in Sources */,
				F948C7F11979EC95000A2A3B /* DTSEventDateEntryTableViewCell.m in Sources */,
				F9F012ED19B522CF00176944 /* NSMutableArray+pieEx.m in Sources */,
				F9F92579197C3FF800D92941 /* NSString+Utilities.m in Sources */,
				F91CBD32197EFDAD00BC3021 /* DTSLocationEntryViewController.m in Sources */,
				F96B21081AB3564B009CC03E /* DTSRootViewController.m in Sources */,
				F96B21011AB297FA009CC03E /* DTSActivity.m in Sources */,
				F948C7E1197874A7000A2A3B /* UIImage+ImageEffects.m in Sources */,
				F954E7681965AAF2003A0B72 /* DTSEvent.m in Sources */,
				F9F012EF19B522CF00176944 /* PieLayer.m in Sources */,
				F9B44F8619F3386F00321E2C /* DTSMKPolyLine.m in Sources */,
				F96B21041AB29BA6009CC03E /* DTSUser.m in Sources */,
				F948C7EA19789643000A2A3B /* DTSEventTextEntryTableViewCell.m in Sources */,
				F948C7E6197883F2000A2A3B /* UIViewController+Utilities.m in Sources */,
				F9B44F9819F3A3D500321E2C /* DTSTripEventsCollectionViewCell.m in Sources */,
				F9F012EE19B522CF00176944 /* PieElement.m in Sources */,
				F9F012F319B524D900176944 /* DTSTripStoryHeaderView.m in Sources */,
				F9F05D3D1AA176DC002C4A42 /* DTSListOfTripsCollectionViewController.m in Sources */,
				F954E77C1966410F003A0B72 /* DTSTripStoryEventGeneralCell.m in Sources */,
				F9BBF9571AA774850076CD78 /* DTSUserAuthHelper.m in Sources */,
				F954E75E1964CA5A003A0B72 /* DTSAppDelegate.m in Sources */,
				F96B212C1AB37B8B009CC03E /* UIViewController+DTSEmptyBackButton.m in Sources */,
				F9B44F8219F20DE500321E2C /* HMSegmentedControl.m in Sources */,
				F9F92575197B148400D92941 /* DTSEventPickerEntryTableViewCell.m in Sources */,
				F9B44F9419F3929D00321E2C /* DTSTripEventsViewController.m in Sources */,
				F954E77719660CE0003A0B72 /* DTSTripStoryEventActivityCell.m in Sources */,
				F99712671971D07E00F2F8FA /* DTSTrip.m in Sources */,
				F9F05D441AA23AC1002C4A42 /* DTSTripCollectionViewCell.m in Sources */,
				F954E7621964CAA1003A0B72 /* DTSTripStoryTableViewController.m in Sources */,
				F9B3F74019F0AF2A00BC6052 /* DTSTripDetailsMapViewController.m in Sources */,
				F99EBA081A1DBC3700290D8A /* DTSTripEventDetailsViewController.m in Sources */,
				F958150C1964850B002207A3 /* main.m in Sources */,
				F954E78019664777003A0B72 /* UIColor+Utilities.m in Sources */,
				F9F05D411AA18F43002C4A42 /* NSObject+DTSAdditions.m in Sources */,
				F9F05D391AA15D44002C4A42 /* DTSPlacemark.m in Sources */,
				F948C7DE19786D21000A2A3B /* DTSEventsEntryTableViewController.m in Sources */,
				F954E76E1965C22C003A0B72 /* NSDate+Utilities.m in Sources */,
				F954E78319664967003A0B72 /* UIView+Utilities.m in Sources */,
				F9B44F8F19F3922200321E2C /* TGLStackedLayout.m in Sources */,
				F91CBD371981B82700BC3021 /* DTSEventLocationEntryTableViewCell.m in Sources */,
				F9B44F8E19F3922200321E2C /* TGLExposedLayout.m in Sources */,
				F99EBA0D1A1E563700290D8A /* DTSEventDetailsInfoTableViewCell.m in Sources */,
			);
			runOnlyForDeploymentPostprocessing = 0;
		};
		F958151C1964850B002207A3 /* Sources */ = {
			isa = PBXSourcesBuildPhase;
			buildActionMask = 2147483647;
			files = (
			);
			runOnlyForDeploymentPostprocessing = 0;
		};
/* End PBXSourcesBuildPhase section */

/* Begin PBXTargetDependency section */
		F95815261964850B002207A3 /* PBXTargetDependency */ = {
			isa = PBXTargetDependency;
			target = F95814FB1964850B002207A3 /* Trip Story */;
			targetProxy = F95815251964850B002207A3 /* PBXContainerItemProxy */;
		};
/* End PBXTargetDependency section */

/* Begin PBXVariantGroup section */
		F95815081964850B002207A3 /* InfoPlist.strings */ = {
			isa = PBXVariantGroup;
			children = (
				F95815091964850B002207A3 /* en */,
			);
			name = InfoPlist.strings;
			sourceTree = "<group>";
		};
/* End PBXVariantGroup section */

/* Begin XCBuildConfiguration section */
		F958152F1964850B002207A3 /* Debug */ = {
			isa = XCBuildConfiguration;
			buildSettings = {
				ALWAYS_SEARCH_USER_PATHS = NO;
				CLANG_CXX_LANGUAGE_STANDARD = "gnu++0x";
				CLANG_CXX_LIBRARY = "libc++";
				CLANG_ENABLE_MODULES = YES;
				CLANG_ENABLE_OBJC_ARC = YES;
				CLANG_WARN_BOOL_CONVERSION = YES;
				CLANG_WARN_CONSTANT_CONVERSION = YES;
				CLANG_WARN_DIRECT_OBJC_ISA_USAGE = YES_ERROR;
				CLANG_WARN_EMPTY_BODY = YES;
				CLANG_WARN_ENUM_CONVERSION = YES;
				CLANG_WARN_INT_CONVERSION = YES;
				CLANG_WARN_OBJC_ROOT_CLASS = YES_ERROR;
				CLANG_WARN__DUPLICATE_METHOD_MATCH = YES;
				"CODE_SIGN_IDENTITY[sdk=iphoneos*]" = "iPhone Developer";
				COPY_PHASE_STRIP = NO;
				GCC_C_LANGUAGE_STANDARD = gnu99;
				GCC_DYNAMIC_NO_PIC = NO;
				GCC_OPTIMIZATION_LEVEL = 0;
				GCC_PREPROCESSOR_DEFINITIONS = (
					"DEBUG=1",
					"$(inherited)",
				);
				GCC_SYMBOLS_PRIVATE_EXTERN = NO;
				GCC_WARN_64_TO_32_BIT_CONVERSION = YES;
				GCC_WARN_ABOUT_RETURN_TYPE = YES_ERROR;
				GCC_WARN_UNDECLARED_SELECTOR = YES;
				GCC_WARN_UNINITIALIZED_AUTOS = YES_AGGRESSIVE;
				GCC_WARN_UNUSED_FUNCTION = YES;
				GCC_WARN_UNUSED_VARIABLE = YES;
				IPHONEOS_DEPLOYMENT_TARGET = 8.0;
				ONLY_ACTIVE_ARCH = YES;
				SDKROOT = iphoneos;
				TARGETED_DEVICE_FAMILY = "1,2";
			};
			name = Debug;
		};
		F95815301964850B002207A3 /* Release */ = {
			isa = XCBuildConfiguration;
			buildSettings = {
				ALWAYS_SEARCH_USER_PATHS = NO;
				CLANG_CXX_LANGUAGE_STANDARD = "gnu++0x";
				CLANG_CXX_LIBRARY = "libc++";
				CLANG_ENABLE_MODULES = YES;
				CLANG_ENABLE_OBJC_ARC = YES;
				CLANG_WARN_BOOL_CONVERSION = YES;
				CLANG_WARN_CONSTANT_CONVERSION = YES;
				CLANG_WARN_DIRECT_OBJC_ISA_USAGE = YES_ERROR;
				CLANG_WARN_EMPTY_BODY = YES;
				CLANG_WARN_ENUM_CONVERSION = YES;
				CLANG_WARN_INT_CONVERSION = YES;
				CLANG_WARN_OBJC_ROOT_CLASS = YES_ERROR;
				CLANG_WARN__DUPLICATE_METHOD_MATCH = YES;
				"CODE_SIGN_IDENTITY[sdk=iphoneos*]" = "iPhone Developer";
				COPY_PHASE_STRIP = YES;
				ENABLE_NS_ASSERTIONS = NO;
				GCC_C_LANGUAGE_STANDARD = gnu99;
				GCC_WARN_64_TO_32_BIT_CONVERSION = YES;
				GCC_WARN_ABOUT_RETURN_TYPE = YES_ERROR;
				GCC_WARN_UNDECLARED_SELECTOR = YES;
				GCC_WARN_UNINITIALIZED_AUTOS = YES_AGGRESSIVE;
				GCC_WARN_UNUSED_FUNCTION = YES;
				GCC_WARN_UNUSED_VARIABLE = YES;
				IPHONEOS_DEPLOYMENT_TARGET = 8.0;
				SDKROOT = iphoneos;
				TARGETED_DEVICE_FAMILY = "1,2";
				VALIDATE_PRODUCT = YES;
			};
			name = Release;
		};
		F95815321964850B002207A3 /* Debug */ = {
			isa = XCBuildConfiguration;
			baseConfigurationReference = A633479BEFA6D59961C6DFCB /* Pods.debug.xcconfig */;
			buildSettings = {
				ASSETCATALOG_COMPILER_APPICON_NAME = AppIcon;
				ASSETCATALOG_COMPILER_LAUNCHIMAGE_NAME = LaunchImage;
				GCC_PRECOMPILE_PREFIX_HEADER = YES;
				GCC_PREFIX_HEADER = "Trip Story/Trip Story-Prefix.pch";
				INFOPLIST_FILE = "Trip Story/Trip Story-Info.plist";
				IPHONEOS_DEPLOYMENT_TARGET = 8.0;
				PRODUCT_NAME = "$(TARGET_NAME)";
				WRAPPER_EXTENSION = app;
			};
			name = Debug;
		};
		F95815331964850B002207A3 /* Release */ = {
			isa = XCBuildConfiguration;
			baseConfigurationReference = 75582DF559755091FEAA98D5 /* Pods.release.xcconfig */;
			buildSettings = {
				ASSETCATALOG_COMPILER_APPICON_NAME = AppIcon;
				ASSETCATALOG_COMPILER_LAUNCHIMAGE_NAME = LaunchImage;
				GCC_PRECOMPILE_PREFIX_HEADER = YES;
				GCC_PREFIX_HEADER = "Trip Story/Trip Story-Prefix.pch";
				INFOPLIST_FILE = "Trip Story/Trip Story-Info.plist";
				IPHONEOS_DEPLOYMENT_TARGET = 8.0;
				PRODUCT_NAME = "$(TARGET_NAME)";
				WRAPPER_EXTENSION = app;
			};
			name = Release;
		};
		F95815351964850B002207A3 /* Debug */ = {
			isa = XCBuildConfiguration;
			buildSettings = {
				BUNDLE_LOADER = "$(BUILT_PRODUCTS_DIR)/Trip Story.app/Trip Story";
				FRAMEWORK_SEARCH_PATHS = (
					"$(SDKROOT)/Developer/Library/Frameworks",
					"$(inherited)",
					"$(DEVELOPER_FRAMEWORKS_DIR)",
				);
				GCC_PRECOMPILE_PREFIX_HEADER = YES;
				GCC_PREFIX_HEADER = "Trip Story/Trip Story-Prefix.pch";
				GCC_PREPROCESSOR_DEFINITIONS = (
					"DEBUG=1",
					"$(inherited)",
				);
				INFOPLIST_FILE = "Trip StoryTests/Trip StoryTests-Info.plist";
				PRODUCT_NAME = "$(TARGET_NAME)";
				TEST_HOST = "$(BUNDLE_LOADER)";
				WRAPPER_EXTENSION = xctest;
			};
			name = Debug;
		};
		F95815361964850B002207A3 /* Release */ = {
			isa = XCBuildConfiguration;
			buildSettings = {
				BUNDLE_LOADER = "$(BUILT_PRODUCTS_DIR)/Trip Story.app/Trip Story";
				FRAMEWORK_SEARCH_PATHS = (
					"$(SDKROOT)/Developer/Library/Frameworks",
					"$(inherited)",
					"$(DEVELOPER_FRAMEWORKS_DIR)",
				);
				GCC_PRECOMPILE_PREFIX_HEADER = YES;
				GCC_PREFIX_HEADER = "Trip Story/Trip Story-Prefix.pch";
				INFOPLIST_FILE = "Trip StoryTests/Trip StoryTests-Info.plist";
				PRODUCT_NAME = "$(TARGET_NAME)";
				TEST_HOST = "$(BUNDLE_LOADER)";
				WRAPPER_EXTENSION = xctest;
			};
			name = Release;
		};
/* End XCBuildConfiguration section */

/* Begin XCConfigurationList section */
		F95814F71964850B002207A3 /* Build configuration list for PBXProject "Trip Story" */ = {
			isa = XCConfigurationList;
			buildConfigurations = (
				F958152F1964850B002207A3 /* Debug */,
				F95815301964850B002207A3 /* Release */,
			);
			defaultConfigurationIsVisible = 0;
			defaultConfigurationName = Release;
		};
		F95815311964850B002207A3 /* Build configuration list for PBXNativeTarget "Trip Story" */ = {
			isa = XCConfigurationList;
			buildConfigurations = (
				F95815321964850B002207A3 /* Debug */,
				F95815331964850B002207A3 /* Release */,
			);
			defaultConfigurationIsVisible = 0;
			defaultConfigurationName = Release;
		};
		F95815341964850B002207A3 /* Build configuration list for PBXNativeTarget "Trip StoryTests" */ = {
			isa = XCConfigurationList;
			buildConfigurations = (
				F95815351964850B002207A3 /* Debug */,
				F95815361964850B002207A3 /* Release */,
			);
			defaultConfigurationIsVisible = 0;
			defaultConfigurationName = Release;
		};
/* End XCConfigurationList section */
	};
	rootObject = F95814F41964850B002207A3 /* Project object */;
}
